// !$*UTF8*$!
{
	archiveVersion = 1;
	classes = {
	};
	objectVersion = 46;
	objects = {

/* Begin PBXBuildFile section */
		0453387A1C3CE3CC00988664 /* main.m in Sources */ = {isa = PBXBuildFile; fileRef = 045338791C3CE3CC00988664 /* main.m */; };
		0453387D1C3CE3CC00988664 /* AppDelegate.m in Sources */ = {isa = PBXBuildFile; fileRef = 0453387C1C3CE3CC00988664 /* AppDelegate.m */; };
		045338851C3CE3CC00988664 /* Assets.xcassets in Resources */ = {isa = PBXBuildFile; fileRef = 045338841C3CE3CC00988664 /* Assets.xcassets */; };
		045338A41C3CE44D00988664 /* Default@2x.png in Resources */ = {isa = PBXBuildFile; fileRef = 045338911C3CE44D00988664 /* Default@2x.png */; };
		045338A51C3CE44D00988664 /* Default_568h@2x.png in Resources */ = {isa = PBXBuildFile; fileRef = 045338921C3CE44D00988664 /* Default_568h@2x.png */; };
		045338A61C3CE44D00988664 /* Default_667h@2x.png in Resources */ = {isa = PBXBuildFile; fileRef = 045338931C3CE44D00988664 /* Default_667h@2x.png */; };
		045338A71C3CE44D00988664 /* Default_736h@3x.png in Resources */ = {isa = PBXBuildFile; fileRef = 045338941C3CE44D00988664 /* Default_736h@3x.png */; };
		045338A81C3CE44D00988664 /* Icon.png in Resources */ = {isa = PBXBuildFile; fileRef = 045338961C3CE44D00988664 /* Icon.png */; };
		045338A91C3CE44D00988664 /* Icon@2x.png in Resources */ = {isa = PBXBuildFile; fileRef = 045338971C3CE44D00988664 /* Icon@2x.png */; };
		045338AA1C3CE44D00988664 /* Icon@3x.png in Resources */ = {isa = PBXBuildFile; fileRef = 045338981C3CE44D00988664 /* Icon@3x.png */; };
		045338AB1C3CE44D00988664 /* Icon_57.png in Resources */ = {isa = PBXBuildFile; fileRef = 045338991C3CE44D00988664 /* Icon_57.png */; };
		045338AC1C3CE44D00988664 /* Icon_57@2x.png in Resources */ = {isa = PBXBuildFile; fileRef = 0453389A1C3CE44D00988664 /* Icon_57@2x.png */; };
		045338AD1C3CE44D00988664 /* Icon_57@3x.png in Resources */ = {isa = PBXBuildFile; fileRef = 0453389B1C3CE44D00988664 /* Icon_57@3x.png */; };
		045338AE1C3CE44D00988664 /* Icon_72.png in Resources */ = {isa = PBXBuildFile; fileRef = 0453389C1C3CE44D00988664 /* Icon_72.png */; };
		045338AF1C3CE44D00988664 /* Icon_72@2x.png in Resources */ = {isa = PBXBuildFile; fileRef = 0453389D1C3CE44D00988664 /* Icon_72@2x.png */; };
		045338B01C3CE44D00988664 /* Icon_72@3x.png in Resources */ = {isa = PBXBuildFile; fileRef = 0453389E1C3CE44D00988664 /* Icon_72@3x.png */; };
		045338B11C3CE44D00988664 /* Icon_76.png in Resources */ = {isa = PBXBuildFile; fileRef = 0453389F1C3CE44D00988664 /* Icon_76.png */; };
		045338B21C3CE44D00988664 /* Icon_76@2x.png in Resources */ = {isa = PBXBuildFile; fileRef = 045338A01C3CE44D00988664 /* Icon_76@2x.png */; };
		045338B31C3CE44D00988664 /* Icon_76@3x.png in Resources */ = {isa = PBXBuildFile; fileRef = 045338A11C3CE44D00988664 /* Icon_76@3x.png */; };
		045338B41C3CE44D00988664 /* main-bg.png in Resources */ = {isa = PBXBuildFile; fileRef = 045338A31C3CE44D00988664 /* main-bg.png */; };
		045338BE1C3CE47900988664 /* MainViewController.m in Sources */ = {isa = PBXBuildFile; fileRef = 045338B81C3CE47900988664 /* MainViewController.m */; };
		045338C21C3CE89200988664 /* continue@2x.png in Resources */ = {isa = PBXBuildFile; fileRef = 045338BF1C3CE89200988664 /* continue@2x.png */; };
		045338C31C3CE89200988664 /* setting@2x.png in Resources */ = {isa = PBXBuildFile; fileRef = 045338C01C3CE89200988664 /* setting@2x.png */; };
		045338C41C3CE89200988664 /* start@2x.png in Resources */ = {isa = PBXBuildFile; fileRef = 045338C11C3CE89200988664 /* start@2x.png */; };
		045338C71C3D119600988664 /* SettingViewController.m in Sources */ = {isa = PBXBuildFile; fileRef = 045338C61C3D119600988664 /* SettingViewController.m */; };
		04646D211C3E31E900CBA2BE /* MenuView.m in Sources */ = {isa = PBXBuildFile; fileRef = 04646D201C3E31E900CBA2BE /* MenuView.m */; };
		047FFFA11C3E0576001A50B3 /* StartViewController.m in Sources */ = {isa = PBXBuildFile; fileRef = 047FFFA01C3E0576001A50B3 /* StartViewController.m */; };
		047FFFA41C3E0A44001A50B3 /* checkout.sh in Resources */ = {isa = PBXBuildFile; fileRef = 047FFFA31C3E0A44001A50B3 /* checkout.sh */; };
		047FFFAE1C3E106E001A50B3 /* find.png in Resources */ = {isa = PBXBuildFile; fileRef = 047FFFA91C3E106E001A50B3 /* find.png */; };
		047FFFAF1C3E106E001A50B3 /* gamerbg@2x.png in Resources */ = {isa = PBXBuildFile; fileRef = 047FFFAA1C3E106E001A50B3 /* gamerbg@2x.png */; };
		047FFFB01C3E106E001A50B3 /* number_bg@2x.png in Resources */ = {isa = PBXBuildFile; fileRef = 047FFFAB1C3E106E001A50B3 /* number_bg@2x.png */; };
		047FFFB11C3E106E001A50B3 /* pasue.png in Resources */ = {isa = PBXBuildFile; fileRef = 047FFFAC1C3E106E001A50B3 /* pasue.png */; };
		047FFFB21C3E106E001A50B3 /* refresh.png in Resources */ = {isa = PBXBuildFile; fileRef = 047FFFAD1C3E106E001A50B3 /* refresh.png */; };
		04E377C81C3E515000670E40 /* fruit-1.png in Resources */ = {isa = PBXBuildFile; fileRef = 04E377A81C3E515000670E40 /* fruit-1.png */; };
		04E377C91C3E515000670E40 /* fruit-10.png in Resources */ = {isa = PBXBuildFile; fileRef = 04E377A91C3E515000670E40 /* fruit-10.png */; };
		04E377CA1C3E515000670E40 /* fruit-11.png in Resources */ = {isa = PBXBuildFile; fileRef = 04E377AA1C3E515000670E40 /* fruit-11.png */; };
		04E377CB1C3E515000670E40 /* fruit-12.png in Resources */ = {isa = PBXBuildFile; fileRef = 04E377AB1C3E515000670E40 /* fruit-12.png */; };
		04E377CC1C3E515000670E40 /* fruit-13.png in Resources */ = {isa = PBXBuildFile; fileRef = 04E377AC1C3E515000670E40 /* fruit-13.png */; };
		04E377CD1C3E515000670E40 /* fruit-14.png in Resources */ = {isa = PBXBuildFile; fileRef = 04E377AD1C3E515000670E40 /* fruit-14.png */; };
		04E377CE1C3E515000670E40 /* fruit-15.png in Resources */ = {isa = PBXBuildFile; fileRef = 04E377AE1C3E515000670E40 /* fruit-15.png */; };
		04E377CF1C3E515000670E40 /* fruit-16.png in Resources */ = {isa = PBXBuildFile; fileRef = 04E377AF1C3E515000670E40 /* fruit-16.png */; };
		04E377D01C3E515000670E40 /* fruit-17.png in Resources */ = {isa = PBXBuildFile; fileRef = 04E377B01C3E515000670E40 /* fruit-17.png */; };
		04E377D11C3E515000670E40 /* fruit-18.png in Resources */ = {isa = PBXBuildFile; fileRef = 04E377B11C3E515000670E40 /* fruit-18.png */; };
		04E377D21C3E515000670E40 /* fruit-19.png in Resources */ = {isa = PBXBuildFile; fileRef = 04E377B21C3E515000670E40 /* fruit-19.png */; };
		04E377D31C3E515000670E40 /* fruit-2.png in Resources */ = {isa = PBXBuildFile; fileRef = 04E377B31C3E515000670E40 /* fruit-2.png */; };
		04E377D41C3E515000670E40 /* fruit-20.png in Resources */ = {isa = PBXBuildFile; fileRef = 04E377B41C3E515000670E40 /* fruit-20.png */; };
		04E377D51C3E515000670E40 /* fruit-21.png in Resources */ = {isa = PBXBuildFile; fileRef = 04E377B51C3E515000670E40 /* fruit-21.png */; };
		04E377D61C3E515000670E40 /* fruit-22.png in Resources */ = {isa = PBXBuildFile; fileRef = 04E377B61C3E515000670E40 /* fruit-22.png */; };
		04E377D71C3E515000670E40 /* fruit-23.png in Resources */ = {isa = PBXBuildFile; fileRef = 04E377B71C3E515000670E40 /* fruit-23.png */; };
		04E377D81C3E515000670E40 /* fruit-24.png in Resources */ = {isa = PBXBuildFile; fileRef = 04E377B81C3E515000670E40 /* fruit-24.png */; };
		04E377D91C3E515000670E40 /* fruit-25.png in Resources */ = {isa = PBXBuildFile; fileRef = 04E377B91C3E515000670E40 /* fruit-25.png */; };
		04E377DA1C3E515000670E40 /* fruit-26.png in Resources */ = {isa = PBXBuildFile; fileRef = 04E377BA1C3E515000670E40 /* fruit-26.png */; };
		04E377DB1C3E515000670E40 /* fruit-27.png in Resources */ = {isa = PBXBuildFile; fileRef = 04E377BB1C3E515000670E40 /* fruit-27.png */; };
		04E377DC1C3E515000670E40 /* fruit-28.png in Resources */ = {isa = PBXBuildFile; fileRef = 04E377BC1C3E515000670E40 /* fruit-28.png */; };
		04E377DD1C3E515000670E40 /* fruit-29.png in Resources */ = {isa = PBXBuildFile; fileRef = 04E377BD1C3E515000670E40 /* fruit-29.png */; };
		04E377DE1C3E515000670E40 /* fruit-3.png in Resources */ = {isa = PBXBuildFile; fileRef = 04E377BE1C3E515000670E40 /* fruit-3.png */; };
		04E377DF1C3E515000670E40 /* fruit-30.png in Resources */ = {isa = PBXBuildFile; fileRef = 04E377BF1C3E515000670E40 /* fruit-30.png */; };
		04E377E01C3E515000670E40 /* fruit-31.png in Resources */ = {isa = PBXBuildFile; fileRef = 04E377C01C3E515000670E40 /* fruit-31.png */; };
		04E377E11C3E515000670E40 /* fruit-32.png in Resources */ = {isa = PBXBuildFile; fileRef = 04E377C11C3E515000670E40 /* fruit-32.png */; };
		04E377E21C3E515000670E40 /* fruit-4.png in Resources */ = {isa = PBXBuildFile; fileRef = 04E377C21C3E515000670E40 /* fruit-4.png */; };
		04E377E31C3E515000670E40 /* fruit-5.png in Resources */ = {isa = PBXBuildFile; fileRef = 04E377C31C3E515000670E40 /* fruit-5.png */; };
		04E377E41C3E515000670E40 /* fruit-6.png in Resources */ = {isa = PBXBuildFile; fileRef = 04E377C41C3E515000670E40 /* fruit-6.png */; };
		04E377E51C3E515000670E40 /* fruit-7.png in Resources */ = {isa = PBXBuildFile; fileRef = 04E377C51C3E515000670E40 /* fruit-7.png */; };
		04E377E61C3E515000670E40 /* fruit-8.png in Resources */ = {isa = PBXBuildFile; fileRef = 04E377C61C3E515000670E40 /* fruit-8.png */; };
		04E377E71C3E515000670E40 /* fruit-9.png in Resources */ = {isa = PBXBuildFile; fileRef = 04E377C71C3E515000670E40 /* fruit-9.png */; };
		04E377EA1C3E51E800670E40 /* Engine.m in Sources */ = {isa = PBXBuildFile; fileRef = 04E377E91C3E51E800670E40 /* Engine.m */; };
/* End PBXBuildFile section */

/* Begin PBXFileReference section */
		045338751C3CE3CC00988664 /* KWGamerDemo.app */ = {isa = PBXFileReference; explicitFileType = wrapper.application; includeInIndex = 0; path = KWGamerDemo.app; sourceTree = BUILT_PRODUCTS_DIR; };
		045338791C3CE3CC00988664 /* main.m */ = {isa = PBXFileReference; lastKnownFileType = sourcecode.c.objc; path = main.m; sourceTree = "<group>"; };
		0453387B1C3CE3CC00988664 /* AppDelegate.h */ = {isa = PBXFileReference; lastKnownFileType = sourcecode.c.h; path = AppDelegate.h; sourceTree = "<group>"; };
		0453387C1C3CE3CC00988664 /* AppDelegate.m */ = {isa = PBXFileReference; lastKnownFileType = sourcecode.c.objc; path = AppDelegate.m; sourceTree = "<group>"; };
		045338841C3CE3CC00988664 /* Assets.xcassets */ = {isa = PBXFileReference; lastKnownFileType = folder.assetcatalog; path = Assets.xcassets; sourceTree = "<group>"; };
		045338891C3CE3CC00988664 /* Info.plist */ = {isa = PBXFileReference; lastKnownFileType = text.plist.xml; path = Info.plist; sourceTree = "<group>"; };
		045338911C3CE44D00988664 /* Default@2x.png */ = {isa = PBXFileReference; lastKnownFileType = image.png; path = "Default@2x.png"; sourceTree = "<group>"; };
		045338921C3CE44D00988664 /* Default_568h@2x.png */ = {isa = PBXFileReference; lastKnownFileType = image.png; path = "Default_568h@2x.png"; sourceTree = "<group>"; };
		045338931C3CE44D00988664 /* Default_667h@2x.png */ = {isa = PBXFileReference; lastKnownFileType = image.png; path = "Default_667h@2x.png"; sourceTree = "<group>"; };
		045338941C3CE44D00988664 /* Default_736h@3x.png */ = {isa = PBXFileReference; lastKnownFileType = image.png; path = "Default_736h@3x.png"; sourceTree = "<group>"; };
		045338961C3CE44D00988664 /* Icon.png */ = {isa = PBXFileReference; lastKnownFileType = image.png; path = Icon.png; sourceTree = "<group>"; };
		045338971C3CE44D00988664 /* Icon@2x.png */ = {isa = PBXFileReference; lastKnownFileType = image.png; path = "Icon@2x.png"; sourceTree = "<group>"; };
		045338981C3CE44D00988664 /* Icon@3x.png */ = {isa = PBXFileReference; lastKnownFileType = image.png; path = "Icon@3x.png"; sourceTree = "<group>"; };
		045338991C3CE44D00988664 /* Icon_57.png */ = {isa = PBXFileReference; lastKnownFileType = image.png; path = Icon_57.png; sourceTree = "<group>"; };
		0453389A1C3CE44D00988664 /* Icon_57@2x.png */ = {isa = PBXFileReference; lastKnownFileType = image.png; path = "Icon_57@2x.png"; sourceTree = "<group>"; };
		0453389B1C3CE44D00988664 /* Icon_57@3x.png */ = {isa = PBXFileReference; lastKnownFileType = image.png; path = "Icon_57@3x.png"; sourceTree = "<group>"; };
		0453389C1C3CE44D00988664 /* Icon_72.png */ = {isa = PBXFileReference; lastKnownFileType = image.png; path = Icon_72.png; sourceTree = "<group>"; };
		0453389D1C3CE44D00988664 /* Icon_72@2x.png */ = {isa = PBXFileReference; lastKnownFileType = image.png; path = "Icon_72@2x.png"; sourceTree = "<group>"; };
		0453389E1C3CE44D00988664 /* Icon_72@3x.png */ = {isa = PBXFileReference; lastKnownFileType = image.png; path = "Icon_72@3x.png"; sourceTree = "<group>"; };
		0453389F1C3CE44D00988664 /* Icon_76.png */ = {isa = PBXFileReference; lastKnownFileType = image.png; path = Icon_76.png; sourceTree = "<group>"; };
		045338A01C3CE44D00988664 /* Icon_76@2x.png */ = {isa = PBXFileReference; lastKnownFileType = image.png; path = "Icon_76@2x.png"; sourceTree = "<group>"; };
		045338A11C3CE44D00988664 /* Icon_76@3x.png */ = {isa = PBXFileReference; lastKnownFileType = image.png; path = "Icon_76@3x.png"; sourceTree = "<group>"; };
		045338A31C3CE44D00988664 /* main-bg.png */ = {isa = PBXFileReference; lastKnownFileType = image.png; path = "main-bg.png"; sourceTree = "<group>"; };
		045338B71C3CE47900988664 /* MainViewController.h */ = {isa = PBXFileReference; fileEncoding = 4; lastKnownFileType = sourcecode.c.h; path = MainViewController.h; sourceTree = "<group>"; };
		045338B81C3CE47900988664 /* MainViewController.m */ = {isa = PBXFileReference; fileEncoding = 4; lastKnownFileType = sourcecode.c.objc; path = MainViewController.m; sourceTree = "<group>"; };
		045338BA1C3CE47900988664 /* PublicDefine.h */ = {isa = PBXFileReference; fileEncoding = 4; lastKnownFileType = sourcecode.c.h; path = PublicDefine.h; sourceTree = "<group>"; };
		045338BF1C3CE89200988664 /* continue@2x.png */ = {isa = PBXFileReference; lastKnownFileType = image.png; path = "continue@2x.png"; sourceTree = "<group>"; };
		045338C01C3CE89200988664 /* setting@2x.png */ = {isa = PBXFileReference; lastKnownFileType = image.png; path = "setting@2x.png"; sourceTree = "<group>"; };
		045338C11C3CE89200988664 /* start@2x.png */ = {isa = PBXFileReference; lastKnownFileType = image.png; path = "start@2x.png"; sourceTree = "<group>"; };
		045338C51C3D119600988664 /* SettingViewController.h */ = {isa = PBXFileReference; fileEncoding = 4; lastKnownFileType = sourcecode.c.h; path = SettingViewController.h; sourceTree = "<group>"; };
		045338C61C3D119600988664 /* SettingViewController.m */ = {isa = PBXFileReference; fileEncoding = 4; lastKnownFileType = sourcecode.c.objc; path = SettingViewController.m; sourceTree = "<group>"; };
		04646D1F1C3E31E900CBA2BE /* MenuView.h */ = {isa = PBXFileReference; fileEncoding = 4; lastKnownFileType = sourcecode.c.h; path = MenuView.h; sourceTree = "<group>"; };
		04646D201C3E31E900CBA2BE /* MenuView.m */ = {isa = PBXFileReference; fileEncoding = 4; lastKnownFileType = sourcecode.c.objc; path = MenuView.m; sourceTree = "<group>"; };
		047FFF9F1C3E0576001A50B3 /* StartViewController.h */ = {isa = PBXFileReference; fileEncoding = 4; lastKnownFileType = sourcecode.c.h; path = StartViewController.h; sourceTree = "<group>"; };
		047FFFA01C3E0576001A50B3 /* StartViewController.m */ = {isa = PBXFileReference; fileEncoding = 4; lastKnownFileType = sourcecode.c.objc; path = StartViewController.m; sourceTree = "<group>"; };
		047FFFA31C3E0A44001A50B3 /* checkout.sh */ = {isa = PBXFileReference; fileEncoding = 4; lastKnownFileType = text.script.sh; path = checkout.sh; sourceTree = "<group>"; };
		047FFFA71C3E0E98001A50B3 /* PrefixHeader.pch */ = {isa = PBXFileReference; fileEncoding = 4; lastKnownFileType = sourcecode.c.h; path = PrefixHeader.pch; sourceTree = "<group>"; };
		047FFFA91C3E106E001A50B3 /* find.png */ = {isa = PBXFileReference; lastKnownFileType = image.png; path = find.png; sourceTree = "<group>"; };
		047FFFAA1C3E106E001A50B3 /* gamerbg@2x.png */ = {isa = PBXFileReference; lastKnownFileType = image.png; path = "gamerbg@2x.png"; sourceTree = "<group>"; };
		047FFFAB1C3E106E001A50B3 /* number_bg@2x.png */ = {isa = PBXFileReference; lastKnownFileType = image.png; path = "number_bg@2x.png"; sourceTree = "<group>"; };
		047FFFAC1C3E106E001A50B3 /* pasue.png */ = {isa = PBXFileReference; lastKnownFileType = image.png; path = pasue.png; sourceTree = "<group>"; };
		047FFFAD1C3E106E001A50B3 /* refresh.png */ = {isa = PBXFileReference; lastKnownFileType = image.png; path = refresh.png; sourceTree = "<group>"; };
		04E377A81C3E515000670E40 /* fruit-1.png */ = {isa = PBXFileReference; lastKnownFileType = image.png; path = "fruit-1.png"; sourceTree = "<group>"; };
		04E377A91C3E515000670E40 /* fruit-10.png */ = {isa = PBXFileReference; lastKnownFileType = image.png; path = "fruit-10.png"; sourceTree = "<group>"; };
		04E377AA1C3E515000670E40 /* fruit-11.png */ = {isa = PBXFileReference; lastKnownFileType = image.png; path = "fruit-11.png"; sourceTree = "<group>"; };
		04E377AB1C3E515000670E40 /* fruit-12.png */ = {isa = PBXFileReference; lastKnownFileType = image.png; path = "fruit-12.png"; sourceTree = "<group>"; };
		04E377AC1C3E515000670E40 /* fruit-13.png */ = {isa = PBXFileReference; lastKnownFileType = image.png; path = "fruit-13.png"; sourceTree = "<group>"; };
		04E377AD1C3E515000670E40 /* fruit-14.png */ = {isa = PBXFileReference; lastKnownFileType = image.png; path = "fruit-14.png"; sourceTree = "<group>"; };
		04E377AE1C3E515000670E40 /* fruit-15.png */ = {isa = PBXFileReference; lastKnownFileType = image.png; path = "fruit-15.png"; sourceTree = "<group>"; };
		04E377AF1C3E515000670E40 /* fruit-16.png */ = {isa = PBXFileReference; lastKnownFileType = image.png; path = "fruit-16.png"; sourceTree = "<group>"; };
		04E377B01C3E515000670E40 /* fruit-17.png */ = {isa = PBXFileReference; lastKnownFileType = image.png; path = "fruit-17.png"; sourceTree = "<group>"; };
		04E377B11C3E515000670E40 /* fruit-18.png */ = {isa = PBXFileReference; lastKnownFileType = image.png; path = "fruit-18.png"; sourceTree = "<group>"; };
		04E377B21C3E515000670E40 /* fruit-19.png */ = {isa = PBXFileReference; lastKnownFileType = image.png; path = "fruit-19.png"; sourceTree = "<group>"; };
		04E377B31C3E515000670E40 /* fruit-2.png */ = {isa = PBXFileReference; lastKnownFileType = image.png; path = "fruit-2.png"; sourceTree = "<group>"; };
		04E377B41C3E515000670E40 /* fruit-20.png */ = {isa = PBXFileReference; lastKnownFileType = image.png; path = "fruit-20.png"; sourceTree = "<group>"; };
		04E377B51C3E515000670E40 /* fruit-21.png */ = {isa = PBXFileReference; lastKnownFileType = image.png; path = "fruit-21.png"; sourceTree = "<group>"; };
		04E377B61C3E515000670E40 /* fruit-22.png */ = {isa = PBXFileReference; lastKnownFileType = image.png; path = "fruit-22.png"; sourceTree = "<group>"; };
		04E377B71C3E515000670E40 /* fruit-23.png */ = {isa = PBXFileReference; lastKnownFileType = image.png; path = "fruit-23.png"; sourceTree = "<group>"; };
		04E377B81C3E515000670E40 /* fruit-24.png */ = {isa = PBXFileReference; lastKnownFileType = image.png; path = "fruit-24.png"; sourceTree = "<group>"; };
		04E377B91C3E515000670E40 /* fruit-25.png */ = {isa = PBXFileReference; lastKnownFileType = image.png; path = "fruit-25.png"; sourceTree = "<group>"; };
		04E377BA1C3E515000670E40 /* fruit-26.png */ = {isa = PBXFileReference; lastKnownFileType = image.png; path = "fruit-26.png"; sourceTree = "<group>"; };
		04E377BB1C3E515000670E40 /* fruit-27.png */ = {isa = PBXFileReference; lastKnownFileType = image.png; path = "fruit-27.png"; sourceTree = "<group>"; };
		04E377BC1C3E515000670E40 /* fruit-28.png */ = {isa = PBXFileReference; lastKnownFileType = image.png; path = "fruit-28.png"; sourceTree = "<group>"; };
		04E377BD1C3E515000670E40 /* fruit-29.png */ = {isa = PBXFileReference; lastKnownFileType = image.png; path = "fruit-29.png"; sourceTree = "<group>"; };
		04E377BE1C3E515000670E40 /* fruit-3.png */ = {isa = PBXFileReference; lastKnownFileType = image.png; path = "fruit-3.png"; sourceTree = "<group>"; };
		04E377BF1C3E515000670E40 /* fruit-30.png */ = {isa = PBXFileReference; lastKnownFileType = image.png; path = "fruit-30.png"; sourceTree = "<group>"; };
		04E377C01C3E515000670E40 /* fruit-31.png */ = {isa = PBXFileReference; lastKnownFileType = image.png; path = "fruit-31.png"; sourceTree = "<group>"; };
		04E377C11C3E515000670E40 /* fruit-32.png */ = {isa = PBXFileReference; lastKnownFileType = image.png; path = "fruit-32.png"; sourceTree = "<group>"; };
		04E377C21C3E515000670E40 /* fruit-4.png */ = {isa = PBXFileReference; lastKnownFileType = image.png; path = "fruit-4.png"; sourceTree = "<group>"; };
		04E377C31C3E515000670E40 /* fruit-5.png */ = {isa = PBXFileReference; lastKnownFileType = image.png; path = "fruit-5.png"; sourceTree = "<group>"; };
		04E377C41C3E515000670E40 /* fruit-6.png */ = {isa = PBXFileReference; lastKnownFileType = image.png; path = "fruit-6.png"; sourceTree = "<group>"; };
		04E377C51C3E515000670E40 /* fruit-7.png */ = {isa = PBXFileReference; lastKnownFileType = image.png; path = "fruit-7.png"; sourceTree = "<group>"; };
		04E377C61C3E515000670E40 /* fruit-8.png */ = {isa = PBXFileReference; lastKnownFileType = image.png; path = "fruit-8.png"; sourceTree = "<group>"; };
		04E377C71C3E515000670E40 /* fruit-9.png */ = {isa = PBXFileReference; lastKnownFileType = image.png; path = "fruit-9.png"; sourceTree = "<group>"; };
		04E377E81C3E51E800670E40 /* Engine.h */ = {isa = PBXFileReference; fileEncoding = 4; lastKnownFileType = sourcecode.c.h; path = Engine.h; sourceTree = "<group>"; };
		04E377E91C3E51E800670E40 /* Engine.m */ = {isa = PBXFileReference; fileEncoding = 4; lastKnownFileType = sourcecode.c.objc; path = Engine.m; sourceTree = "<group>"; };
/* End PBXFileReference section */

/* Begin PBXFrameworksBuildPhase section */
		045338721C3CE3CC00988664 /* Frameworks */ = {
			isa = PBXFrameworksBuildPhase;
			buildActionMask = 2147483647;
			files = (
			);
			runOnlyForDeploymentPostprocessing = 0;
		};
/* End PBXFrameworksBuildPhase section */

/* Begin PBXGroup section */
		0453386C1C3CE3CC00988664 = {
			isa = PBXGroup;
			children = (
				047FFFA21C3E0A1F001A50B3 /* Tools */,
				045338B51C3CE47900988664 /* Class */,
				0453388F1C3CE44D00988664 /* Resources */,
				045338771C3CE3CC00988664 /* KWGamerDemo */,
				045338761C3CE3CC00988664 /* Products */,
			);
			sourceTree = "<group>";
		};
		045338761C3CE3CC00988664 /* Products */ = {
			isa = PBXGroup;
			children = (
				045338751C3CE3CC00988664 /* KWGamerDemo.app */,
			);
			name = Products;
			sourceTree = "<group>";
		};
		045338771C3CE3CC00988664 /* KWGamerDemo */ = {
			isa = PBXGroup;
			children = (
				047FFFA71C3E0E98001A50B3 /* PrefixHeader.pch */,
				0453387B1C3CE3CC00988664 /* AppDelegate.h */,
				0453387C1C3CE3CC00988664 /* AppDelegate.m */,
				045338841C3CE3CC00988664 /* Assets.xcassets */,
				045338891C3CE3CC00988664 /* Info.plist */,
				045338781C3CE3CC00988664 /* Supporting Files */,
			);
			path = KWGamerDemo;
			sourceTree = "<group>";
		};
		045338781C3CE3CC00988664 /* Supporting Files */ = {
			isa = PBXGroup;
			children = (
				045338791C3CE3CC00988664 /* main.m */,
			);
			name = "Supporting Files";
			sourceTree = "<group>";
		};
		0453388F1C3CE44D00988664 /* Resources */ = {
			isa = PBXGroup;
			children = (
				04E377A71C3E515000670E40 /* @2x */,
				047FFFA81C3E106E001A50B3 /* start */,
				045338901C3CE44D00988664 /* Defaults */,
				045338951C3CE44D00988664 /* Icon */,
				045338A21C3CE44D00988664 /* main */,
			);
			path = Resources;
			sourceTree = "<group>";
		};
		045338901C3CE44D00988664 /* Defaults */ = {
			isa = PBXGroup;
			children = (
				045338911C3CE44D00988664 /* Default@2x.png */,
				045338921C3CE44D00988664 /* Default_568h@2x.png */,
				045338931C3CE44D00988664 /* Default_667h@2x.png */,
				045338941C3CE44D00988664 /* Default_736h@3x.png */,
			);
			path = Defaults;
			sourceTree = "<group>";
		};
		045338951C3CE44D00988664 /* Icon */ = {
			isa = PBXGroup;
			children = (
				045338961C3CE44D00988664 /* Icon.png */,
				045338971C3CE44D00988664 /* Icon@2x.png */,
				045338981C3CE44D00988664 /* Icon@3x.png */,
				045338991C3CE44D00988664 /* Icon_57.png */,
				0453389A1C3CE44D00988664 /* Icon_57@2x.png */,
				0453389B1C3CE44D00988664 /* Icon_57@3x.png */,
				0453389C1C3CE44D00988664 /* Icon_72.png */,
				0453389D1C3CE44D00988664 /* Icon_72@2x.png */,
				0453389E1C3CE44D00988664 /* Icon_72@3x.png */,
				0453389F1C3CE44D00988664 /* Icon_76.png */,
				045338A01C3CE44D00988664 /* Icon_76@2x.png */,
				045338A11C3CE44D00988664 /* Icon_76@3x.png */,
			);
			path = Icon;
			sourceTree = "<group>";
		};
		045338A21C3CE44D00988664 /* main */ = {
			isa = PBXGroup;
			children = (
				045338A31C3CE44D00988664 /* main-bg.png */,
				045338BF1C3CE89200988664 /* continue@2x.png */,
				045338C01C3CE89200988664 /* setting@2x.png */,
				045338C11C3CE89200988664 /* start@2x.png */,
			);
			path = main;
			sourceTree = "<group>";
		};
		045338B51C3CE47900988664 /* Class */ = {
			isa = PBXGroup;
			children = (
				045338B61C3CE47900988664 /* BaseViewController */,
				045338B91C3CE47900988664 /* Common */,
				045338BB1C3CE47900988664 /* Engine */,
				045338BC1C3CE47900988664 /* SubViewcontroller */,
			);
			path = Class;
			sourceTree = "<group>";
		};
		045338B61C3CE47900988664 /* BaseViewController */ = {
			isa = PBXGroup;
			children = (
				045338B71C3CE47900988664 /* MainViewController.h */,
				045338B81C3CE47900988664 /* MainViewController.m */,
			);
			path = BaseViewController;
			sourceTree = "<group>";
		};
		045338B91C3CE47900988664 /* Common */ = {
			isa = PBXGroup;
			children = (
				045338BA1C3CE47900988664 /* PublicDefine.h */,
			);
			path = Common;
			sourceTree = "<group>";
		};
		045338BB1C3CE47900988664 /* Engine */ = {
			isa = PBXGroup;
			children = (
				04E377E81C3E51E800670E40 /* Engine.h */,
				04E377E91C3E51E800670E40 /* Engine.m */,
			);
			path = Engine;
			sourceTree = "<group>";
		};
		045338BC1C3CE47900988664 /* SubViewcontroller */ = {
			isa = PBXGroup;
			children = (
				045338C51C3D119600988664 /* SettingViewController.h */,
				045338C61C3D119600988664 /* SettingViewController.m */,
				047FFFA01C3E0576001A50B3 /* StartViewController.m */,
				047FFF9F1C3E0576001A50B3 /* StartViewController.h */,
				045338BD1C3CE47900988664 /* UIView */,
			);
			path = SubViewcontroller;
			sourceTree = "<group>";
		};
		045338BD1C3CE47900988664 /* UIView */ = {
			isa = PBXGroup;
			children = (
				04646D1F1C3E31E900CBA2BE /* MenuView.h */,
				04646D201C3E31E900CBA2BE /* MenuView.m */,
			);
			name = UIView;
			path = ../UIView;
			sourceTree = "<group>";
		};
		047FFFA21C3E0A1F001A50B3 /* Tools */ = {
			isa = PBXGroup;
			children = (
				047FFFA31C3E0A44001A50B3 /* checkout.sh */,
			);
			path = Tools;
			sourceTree = "<group>";
		};
		047FFFA81C3E106E001A50B3 /* start */ = {
			isa = PBXGroup;
			children = (
				047FFFA91C3E106E001A50B3 /* find.png */,
				047FFFAA1C3E106E001A50B3 /* gamerbg@2x.png */,
				047FFFAB1C3E106E001A50B3 /* number_bg@2x.png */,
				047FFFAC1C3E106E001A50B3 /* pasue.png */,
				047FFFAD1C3E106E001A50B3 /* refresh.png */,
			);
			path = start;
			sourceTree = "<group>";
		};
		04E377A71C3E515000670E40 /* @2x */ = {
			isa = PBXGroup;
			children = (
				04E377A81C3E515000670E40 /* fruit-1.png */,
				04E377A91C3E515000670E40 /* fruit-10.png */,
				04E377AA1C3E515000670E40 /* fruit-11.png */,
				04E377AB1C3E515000670E40 /* fruit-12.png */,
				04E377AC1C3E515000670E40 /* fruit-13.png */,
				04E377AD1C3E515000670E40 /* fruit-14.png */,
				04E377AE1C3E515000670E40 /* fruit-15.png */,
				04E377AF1C3E515000670E40 /* fruit-16.png */,
				04E377B01C3E515000670E40 /* fruit-17.png */,
				04E377B11C3E515000670E40 /* fruit-18.png */,
				04E377B21C3E515000670E40 /* fruit-19.png */,
				04E377B31C3E515000670E40 /* fruit-2.png */,
				04E377B41C3E515000670E40 /* fruit-20.png */,
				04E377B51C3E515000670E40 /* fruit-21.png */,
				04E377B61C3E515000670E40 /* fruit-22.png */,
				04E377B71C3E515000670E40 /* fruit-23.png */,
				04E377B81C3E515000670E40 /* fruit-24.png */,
				04E377B91C3E515000670E40 /* fruit-25.png */,
				04E377BA1C3E515000670E40 /* fruit-26.png */,
				04E377BB1C3E515000670E40 /* fruit-27.png */,
				04E377BC1C3E515000670E40 /* fruit-28.png */,
				04E377BD1C3E515000670E40 /* fruit-29.png */,
				04E377BE1C3E515000670E40 /* fruit-3.png */,
				04E377BF1C3E515000670E40 /* fruit-30.png */,
				04E377C01C3E515000670E40 /* fruit-31.png */,
				04E377C11C3E515000670E40 /* fruit-32.png */,
				04E377C21C3E515000670E40 /* fruit-4.png */,
				04E377C31C3E515000670E40 /* fruit-5.png */,
				04E377C41C3E515000670E40 /* fruit-6.png */,
				04E377C51C3E515000670E40 /* fruit-7.png */,
				04E377C61C3E515000670E40 /* fruit-8.png */,
				04E377C71C3E515000670E40 /* fruit-9.png */,
			);
			path = "@2x";
			sourceTree = "<group>";
		};
/* End PBXGroup section */

/* Begin PBXNativeTarget section */
		045338741C3CE3CC00988664 /* KWGamerDemo */ = {
			isa = PBXNativeTarget;
			buildConfigurationList = 0453388C1C3CE3CC00988664 /* Build configuration list for PBXNativeTarget "KWGamerDemo" */;
			buildPhases = (
				045338711C3CE3CC00988664 /* Sources */,
				045338721C3CE3CC00988664 /* Frameworks */,
				045338731C3CE3CC00988664 /* Resources */,
			);
			buildRules = (
			);
			dependencies = (
			);
			name = KWGamerDemo;
			productName = KWGamerDemo;
			productReference = 045338751C3CE3CC00988664 /* KWGamerDemo.app */;
			productType = "com.apple.product-type.application";
		};
/* End PBXNativeTarget section */

/* Begin PBXProject section */
		0453386D1C3CE3CC00988664 /* Project object */ = {
			isa = PBXProject;
			attributes = {
				LastUpgradeCheck = 0720;
				ORGANIZATIONNAME = "chinasofti-nate";
				TargetAttributes = {
					045338741C3CE3CC00988664 = {
						CreatedOnToolsVersion = 7.2;
					};
				};
			};
			buildConfigurationList = 045338701C3CE3CC00988664 /* Build configuration list for PBXProject "KWGamerDemo" */;
			compatibilityVersion = "Xcode 3.2";
			developmentRegion = English;
			hasScannedForEncodings = 0;
			knownRegions = (
				en,
				Base,
			);
			mainGroup = 0453386C1C3CE3CC00988664;
			productRefGroup = 045338761C3CE3CC00988664 /* Products */;
			projectDirPath = "";
			projectRoot = "";
			targets = (
				045338741C3CE3CC00988664 /* KWGamerDemo */,
			);
		};
/* End PBXProject section */

/* Begin PBXResourcesBuildPhase section */
		045338731C3CE3CC00988664 /* Resources */ = {
			isa = PBXResourcesBuildPhase;
			buildActionMask = 2147483647;
			files = (
				04E377D41C3E515000670E40 /* fruit-20.png in Resources */,
				04E377CF1C3E515000670E40 /* fruit-16.png in Resources */,
				04E377E71C3E515000670E40 /* fruit-9.png in Resources */,
				04E377DA1C3E515000670E40 /* fruit-26.png in Resources */,
				04E377E21C3E515000670E40 /* fruit-4.png in Resources */,
				045338C41C3CE89200988664 /* start@2x.png in Resources */,
				04E377E11C3E515000670E40 /* fruit-32.png in Resources */,
				045338B21C3CE44D00988664 /* Icon_76@2x.png in Resources */,
				04E377D31C3E515000670E40 /* fruit-2.png in Resources */,
				04E377E01C3E515000670E40 /* fruit-31.png in Resources */,
				045338B11C3CE44D00988664 /* Icon_76.png in Resources */,
				045338A81C3CE44D00988664 /* Icon.png in Resources */,
				04E377E31C3E515000670E40 /* fruit-5.png in Resources */,
				045338B41C3CE44D00988664 /* main-bg.png in Resources */,
				045338A51C3CE44D00988664 /* Default_568h@2x.png in Resources */,
				045338AA1C3CE44D00988664 /* Icon@3x.png in Resources */,
				04E377D91C3E515000670E40 /* fruit-25.png in Resources */,
				04E377D61C3E515000670E40 /* fruit-22.png in Resources */,
				04E377DF1C3E515000670E40 /* fruit-30.png in Resources */,
				04E377CD1C3E515000670E40 /* fruit-14.png in Resources */,
				045338AE1C3CE44D00988664 /* Icon_72.png in Resources */,
				04E377D01C3E515000670E40 /* fruit-17.png in Resources */,
				04E377E51C3E515000670E40 /* fruit-7.png in Resources */,
				04E377DC1C3E515000670E40 /* fruit-28.png in Resources */,
				04E377CB1C3E515000670E40 /* fruit-12.png in Resources */,
				04E377DE1C3E515000670E40 /* fruit-3.png in Resources */,
				04E377D11C3E515000670E40 /* fruit-18.png in Resources */,
				047FFFAF1C3E106E001A50B3 /* gamerbg@2x.png in Resources */,
				045338AD1C3CE44D00988664 /* Icon_57@3x.png in Resources */,
				04E377CA1C3E515000670E40 /* fruit-11.png in Resources */,
				045338A91C3CE44D00988664 /* Icon@2x.png in Resources */,
				04E377D81C3E515000670E40 /* fruit-24.png in Resources */,
				04E377DD1C3E515000670E40 /* fruit-29.png in Resources */,
				045338C31C3CE89200988664 /* setting@2x.png in Resources */,
				045338A41C3CE44D00988664 /* Default@2x.png in Resources */,
				04E377D51C3E515000670E40 /* fruit-21.png in Resources */,
				04E377DB1C3E515000670E40 /* fruit-27.png in Resources */,
				045338C21C3CE89200988664 /* continue@2x.png in Resources */,
				04E377C81C3E515000670E40 /* fruit-1.png in Resources */,
				045338B31C3CE44D00988664 /* Icon_76@3x.png in Resources */,
				047FFFA41C3E0A44001A50B3 /* checkout.sh in Resources */,
				04E377D71C3E515000670E40 /* fruit-23.png in Resources */,
				045338851C3CE3CC00988664 /* Assets.xcassets in Resources */,
				045338AF1C3CE44D00988664 /* Icon_72@2x.png in Resources */,
				04E377E61C3E515000670E40 /* fruit-8.png in Resources */,
				047FFFAE1C3E106E001A50B3 /* find.png in Resources */,
				04E377E41C3E515000670E40 /* fruit-6.png in Resources */,
				047FFFB01C3E106E001A50B3 /* number_bg@2x.png in Resources */,
				047FFFB11C3E106E001A50B3 /* pasue.png in Resources */,
				045338B01C3CE44D00988664 /* Icon_72@3x.png in Resources */,
				045338AB1C3CE44D00988664 /* Icon_57.png in Resources */,
				04E377CC1C3E515000670E40 /* fruit-13.png in Resources */,
				045338A61C3CE44D00988664 /* Default_667h@2x.png in Resources */,
				045338A71C3CE44D00988664 /* Default_736h@3x.png in Resources */,
				04E377CE1C3E515000670E40 /* fruit-15.png in Resources */,
				04E377C91C3E515000670E40 /* fruit-10.png in Resources */,
				047FFFB21C3E106E001A50B3 /* refresh.png in Resources */,
				04E377D21C3E515000670E40 /* fruit-19.png in Resources */,
				045338AC1C3CE44D00988664 /* Icon_57@2x.png in Resources */,
			);
			runOnlyForDeploymentPostprocessing = 0;
		};
/* End PBXResourcesBuildPhase section */

/* Begin PBXSourcesBuildPhase section */
		045338711C3CE3CC00988664 /* Sources */ = {
			isa = PBXSourcesBuildPhase;
			buildActionMask = 2147483647;
			files = (
				04E377EA1C3E51E800670E40 /* Engine.m in Sources */,
				0453387D1C3CE3CC00988664 /* AppDelegate.m in Sources */,
				045338BE1C3CE47900988664 /* MainViewController.m in Sources */,
				047FFFA11C3E0576001A50B3 /* StartViewController.m in Sources */,
				0453387A1C3CE3CC00988664 /* main.m in Sources */,
				045338C71C3D119600988664 /* SettingViewController.m in Sources */,
				04646D211C3E31E900CBA2BE /* MenuView.m in Sources */,
			);
			runOnlyForDeploymentPostprocessing = 0;
		};
/* End PBXSourcesBuildPhase section */

/* Begin XCBuildConfiguration section */
		0453388A1C3CE3CC00988664 /* Debug */ = {
			isa = XCBuildConfiguration;
			buildSettings = {
				ALWAYS_SEARCH_USER_PATHS = NO;
				CLANG_CXX_LANGUAGE_STANDARD = "gnu++0x";
				CLANG_CXX_LIBRARY = "libc++";
				CLANG_ENABLE_MODULES = YES;
				CLANG_ENABLE_OBJC_ARC = YES;
				CLANG_WARN_BOOL_CONVERSION = YES;
				CLANG_WARN_CONSTANT_CONVERSION = YES;
				CLANG_WARN_DIRECT_OBJC_ISA_USAGE = YES_ERROR;
				CLANG_WARN_EMPTY_BODY = YES;
				CLANG_WARN_ENUM_CONVERSION = YES;
				CLANG_WARN_INT_CONVERSION = YES;
				CLANG_WARN_OBJC_ROOT_CLASS = YES_ERROR;
				CLANG_WARN_UNREACHABLE_CODE = YES;
				CLANG_WARN__DUPLICATE_METHOD_MATCH = YES;
				"CODE_SIGN_IDENTITY[sdk=iphoneos*]" = "iPhone Developer";
				COPY_PHASE_STRIP = NO;
				DEBUG_INFORMATION_FORMAT = dwarf;
				ENABLE_STRICT_OBJC_MSGSEND = YES;
				ENABLE_TESTABILITY = YES;
				GCC_C_LANGUAGE_STANDARD = gnu99;
				GCC_DYNAMIC_NO_PIC = NO;
				GCC_NO_COMMON_BLOCKS = YES;
				GCC_OPTIMIZATION_LEVEL = 0;
				GCC_PREPROCESSOR_DEFINITIONS = (
					"DEBUG=1",
					"$(inherited)",
				);
				GCC_WARN_64_TO_32_BIT_CONVERSION = YES;
				GCC_WARN_ABOUT_RETURN_TYPE = YES_ERROR;
				GCC_WARN_UNDECLARED_SELECTOR = YES;
				GCC_WARN_UNINITIALIZED_AUTOS = YES_AGGRESSIVE;
				GCC_WARN_UNUSED_FUNCTION = YES;
				GCC_WARN_UNUSED_VARIABLE = YES;
				IPHONEOS_DEPLOYMENT_TARGET = 9.2;
				MTL_ENABLE_DEBUG_INFO = YES;
				ONLY_ACTIVE_ARCH = YES;
				SDKROOT = iphoneos;
			};
			name = Debug;
		};
		0453388B1C3CE3CC00988664 /* Release */ = {
			isa = XCBuildConfiguration;
			buildSettings = {
				ALWAYS_SEARCH_USER_PATHS = NO;
				CLANG_CXX_LANGUAGE_STANDARD = "gnu++0x";
				CLANG_CXX_LIBRARY = "libc++";
				CLANG_ENABLE_MODULES = YES;
				CLANG_ENABLE_OBJC_ARC = YES;
				CLANG_WARN_BOOL_CONVERSION = YES;
				CLANG_WARN_CONSTANT_CONVERSION = YES;
				CLANG_WARN_DIRECT_OBJC_ISA_USAGE = YES_ERROR;
				CLANG_WARN_EMPTY_BODY = YES;
				CLANG_WARN_ENUM_CONVERSION = YES;
				CLANG_WARN_INT_CONVERSION = YES;
				CLANG_WARN_OBJC_ROOT_CLASS = YES_ERROR;
				CLANG_WARN_UNREACHABLE_CODE = YES;
				CLANG_WARN__DUPLICATE_METHOD_MATCH = YES;
				"CODE_SIGN_IDENTITY[sdk=iphoneos*]" = "iPhone Developer";
				COPY_PHASE_STRIP = NO;
				DEBUG_INFORMATION_FORMAT = "dwarf-with-dsym";
				ENABLE_NS_ASSERTIONS = NO;
				ENABLE_STRICT_OBJC_MSGSEND = YES;
				GCC_C_LANGUAGE_STANDARD = gnu99;
				GCC_NO_COMMON_BLOCKS = YES;
				GCC_WARN_64_TO_32_BIT_CONVERSION = YES;
				GCC_WARN_ABOUT_RETURN_TYPE = YES_ERROR;
				GCC_WARN_UNDECLARED_SELECTOR = YES;
				GCC_WARN_UNINITIALIZED_AUTOS = YES_AGGRESSIVE;
				GCC_WARN_UNUSED_FUNCTION = YES;
				GCC_WARN_UNUSED_VARIABLE = YES;
				IPHONEOS_DEPLOYMENT_TARGET = 9.2;
				MTL_ENABLE_DEBUG_INFO = NO;
				SDKROOT = iphoneos;
				VALIDATE_PRODUCT = YES;
			};
			name = Release;
		};
		0453388D1C3CE3CC00988664 /* Debug */ = {
			isa = XCBuildConfiguration;
			buildSettings = {
				ASSETCATALOG_COMPILER_APPICON_NAME = AppIcon;
				ASSETCATALOG_COMPILER_LAUNCHIMAGE_NAME = "Brand Assets";
				GCC_PREFIX_HEADER = KWGamerDemo/PrefixHeader.pch;
				INFOPLIST_FILE = KWGamerDemo/Info.plist;
				IPHONEOS_DEPLOYMENT_TARGET = 8.4;
				LD_RUNPATH_SEARCH_PATHS = "$(inherited) @executable_path/Frameworks";
				PRODUCT_BUNDLE_IDENTIFIER = chinasofti.KWGamerDemo;
				PRODUCT_NAME = "$(TARGET_NAME)";
			};
			name = Debug;
		};
		0453388E1C3CE3CC00988664 /* Release */ = {
			isa = XCBuildConfiguration;
			buildSettings = {
				ASSETCATALOG_COMPILER_APPICON_NAME = AppIcon;
				ASSETCATALOG_COMPILER_LAUNCHIMAGE_NAME = "Brand Assets";
				GCC_PREFIX_HEADER = KWGamerDemo/PrefixHeader.pch;
				INFOPLIST_FILE = KWGamerDemo/Info.plist;
				IPHONEOS_DEPLOYMENT_TARGET = 8.4;
				LD_RUNPATH_SEARCH_PATHS = "$(inherited) @executable_path/Frameworks";
				PRODUCT_BUNDLE_IDENTIFIER = chinasofti.KWGamerDemo;
				PRODUCT_NAME = "$(TARGET_NAME)";
			};
			name = Release;
		};
/* End XCBuildConfiguration section */

/* Begin XCConfigurationList section */
		045338701C3CE3CC00988664 /* Build configuration list for PBXProject "KWGamerDemo" */ = {
			isa = XCConfigurationList;
			buildConfigurations = (
				0453388A1C3CE3CC00988664 /* Debug */,
				0453388B1C3CE3CC00988664 /* Release */,
			);
			defaultConfigurationIsVisible = 0;
			defaultConfigurationName = Release;
		};
		0453388C1C3CE3CC00988664 /* Build configuration list for PBXNativeTarget "KWGamerDemo" */ = {
			isa = XCConfigurationList;
			buildConfigurations = (
				0453388D1C3CE3CC00988664 /* Debug */,
				0453388E1C3CE3CC00988664 /* Release */,
			);
			defaultConfigurationIsVisible = 0;
			defaultConfigurationName = Release;
		};
/* End XCConfigurationList section */
	};
	rootObject = 0453386D1C3CE3CC00988664 /* Project object */;
}
