// !$*UTF8*$!
{
	archiveVersion = 1;
	classes = {
	};
	objectVersion = 46;
	objects = {

/* Begin PBXBuildFile section */
		451221D61C4CCA2400EFEF13 /* FailureDialog.m in Sources */ = {isa = PBXBuildFile; fileRef = 451221D51C4CCA2400EFEF13 /* FailureDialog.m */; };
		4512223C1C4CD00A00EFEF13 /* fruit-1.png in Resources */ = {isa = PBXBuildFile; fileRef = 451221D91C4CD00A00EFEF13 /* fruit-1.png */; };
		4512223D1C4CD00B00EFEF13 /* fruit-10.png in Resources */ = {isa = PBXBuildFile; fileRef = 451221DA1C4CD00A00EFEF13 /* fruit-10.png */; };
		4512223E1C4CD00B00EFEF13 /* fruit-11.png in Resources */ = {isa = PBXBuildFile; fileRef = 451221DB1C4CD00A00EFEF13 /* fruit-11.png */; };
		4512223F1C4CD00B00EFEF13 /* fruit-12.png in Resources */ = {isa = PBXBuildFile; fileRef = 451221DC1C4CD00A00EFEF13 /* fruit-12.png */; };
		451222401C4CD00B00EFEF13 /* fruit-13.png in Resources */ = {isa = PBXBuildFile; fileRef = 451221DD1C4CD00A00EFEF13 /* fruit-13.png */; };
		451222411C4CD00B00EFEF13 /* fruit-14.png in Resources */ = {isa = PBXBuildFile; fileRef = 451221DE1C4CD00A00EFEF13 /* fruit-14.png */; };
		451222421C4CD00B00EFEF13 /* fruit-15.png in Resources */ = {isa = PBXBuildFile; fileRef = 451221DF1C4CD00A00EFEF13 /* fruit-15.png */; };
		451222431C4CD00B00EFEF13 /* fruit-16.png in Resources */ = {isa = PBXBuildFile; fileRef = 451221E01C4CD00A00EFEF13 /* fruit-16.png */; };
		451222441C4CD00B00EFEF13 /* fruit-17.png in Resources */ = {isa = PBXBuildFile; fileRef = 451221E11C4CD00A00EFEF13 /* fruit-17.png */; };
		451222451C4CD00B00EFEF13 /* fruit-18.png in Resources */ = {isa = PBXBuildFile; fileRef = 451221E21C4CD00A00EFEF13 /* fruit-18.png */; };
		451222461C4CD00B00EFEF13 /* fruit-19.png in Resources */ = {isa = PBXBuildFile; fileRef = 451221E31C4CD00A00EFEF13 /* fruit-19.png */; };
		451222471C4CD00B00EFEF13 /* fruit-2.png in Resources */ = {isa = PBXBuildFile; fileRef = 451221E41C4CD00A00EFEF13 /* fruit-2.png */; };
		451222481C4CD00B00EFEF13 /* fruit-20.png in Resources */ = {isa = PBXBuildFile; fileRef = 451221E51C4CD00A00EFEF13 /* fruit-20.png */; };
		451222491C4CD00B00EFEF13 /* fruit-21.png in Resources */ = {isa = PBXBuildFile; fileRef = 451221E61C4CD00A00EFEF13 /* fruit-21.png */; };
		4512224A1C4CD00B00EFEF13 /* fruit-22.png in Resources */ = {isa = PBXBuildFile; fileRef = 451221E71C4CD00A00EFEF13 /* fruit-22.png */; };
		4512224B1C4CD00B00EFEF13 /* fruit-23.png in Resources */ = {isa = PBXBuildFile; fileRef = 451221E81C4CD00A00EFEF13 /* fruit-23.png */; };
		4512224C1C4CD00B00EFEF13 /* fruit-24.png in Resources */ = {isa = PBXBuildFile; fileRef = 451221E91C4CD00A00EFEF13 /* fruit-24.png */; };
		4512224D1C4CD00B00EFEF13 /* fruit-25.png in Resources */ = {isa = PBXBuildFile; fileRef = 451221EA1C4CD00A00EFEF13 /* fruit-25.png */; };
		4512224E1C4CD00B00EFEF13 /* fruit-26.png in Resources */ = {isa = PBXBuildFile; fileRef = 451221EB1C4CD00A00EFEF13 /* fruit-26.png */; };
		4512224F1C4CD00B00EFEF13 /* fruit-27.png in Resources */ = {isa = PBXBuildFile; fileRef = 451221EC1C4CD00A00EFEF13 /* fruit-27.png */; };
		451222501C4CD00B00EFEF13 /* fruit-28.png in Resources */ = {isa = PBXBuildFile; fileRef = 451221ED1C4CD00A00EFEF13 /* fruit-28.png */; };
		451222511C4CD00B00EFEF13 /* fruit-29.png in Resources */ = {isa = PBXBuildFile; fileRef = 451221EE1C4CD00A00EFEF13 /* fruit-29.png */; };
		451222521C4CD00B00EFEF13 /* fruit-3.png in Resources */ = {isa = PBXBuildFile; fileRef = 451221EF1C4CD00A00EFEF13 /* fruit-3.png */; };
		451222531C4CD00B00EFEF13 /* fruit-30.png in Resources */ = {isa = PBXBuildFile; fileRef = 451221F01C4CD00A00EFEF13 /* fruit-30.png */; };
		451222541C4CD00B00EFEF13 /* fruit-31.png in Resources */ = {isa = PBXBuildFile; fileRef = 451221F11C4CD00A00EFEF13 /* fruit-31.png */; };
		451222551C4CD00B00EFEF13 /* fruit-32.png in Resources */ = {isa = PBXBuildFile; fileRef = 451221F21C4CD00A00EFEF13 /* fruit-32.png */; };
		451222561C4CD00B00EFEF13 /* fruit-4.png in Resources */ = {isa = PBXBuildFile; fileRef = 451221F31C4CD00A00EFEF13 /* fruit-4.png */; };
		451222571C4CD00B00EFEF13 /* fruit-5.png in Resources */ = {isa = PBXBuildFile; fileRef = 451221F41C4CD00A00EFEF13 /* fruit-5.png */; };
		451222581C4CD00B00EFEF13 /* fruit-6.png in Resources */ = {isa = PBXBuildFile; fileRef = 451221F51C4CD00A00EFEF13 /* fruit-6.png */; };
		451222591C4CD00B00EFEF13 /* fruit-7.png in Resources */ = {isa = PBXBuildFile; fileRef = 451221F61C4CD00A00EFEF13 /* fruit-7.png */; };
		4512225A1C4CD00B00EFEF13 /* fruit-8.png in Resources */ = {isa = PBXBuildFile; fileRef = 451221F71C4CD00A00EFEF13 /* fruit-8.png */; };
		4512225B1C4CD00B00EFEF13 /* fruit-9.png in Resources */ = {isa = PBXBuildFile; fileRef = 451221F81C4CD00A00EFEF13 /* fruit-9.png */; };
		4512225C1C4CD00B00EFEF13 /* awesome.png in Resources */ = {isa = PBXBuildFile; fileRef = 451221F91C4CD00A00EFEF13 /* awesome.png */; };
		4512225D1C4CD00B00EFEF13 /* btn_bg.png in Resources */ = {isa = PBXBuildFile; fileRef = 451221FA1C4CD00A00EFEF13 /* btn_bg.png */; };
		4512225E1C4CD00B00EFEF13 /* Default@2x.png in Resources */ = {isa = PBXBuildFile; fileRef = 451221FC1C4CD00A00EFEF13 /* Default@2x.png */; };
		4512225F1C4CD00B00EFEF13 /* Default_568h@2x.png in Resources */ = {isa = PBXBuildFile; fileRef = 451221FD1C4CD00A00EFEF13 /* Default_568h@2x.png */; };
		451222601C4CD00B00EFEF13 /* Default_667h@2x.png in Resources */ = {isa = PBXBuildFile; fileRef = 451221FE1C4CD00A00EFEF13 /* Default_667h@2x.png */; };
		451222611C4CD00B00EFEF13 /* Default_736h@3x.png in Resources */ = {isa = PBXBuildFile; fileRef = 451221FF1C4CD00A00EFEF13 /* Default_736h@3x.png */; };
		451222621C4CD00B00EFEF13 /* wl.jpg in Resources */ = {isa = PBXBuildFile; fileRef = 451222001C4CD00A00EFEF13 /* wl.jpg */; };
		451222631C4CD00B00EFEF13 /* Icon.png in Resources */ = {isa = PBXBuildFile; fileRef = 451222021C4CD00A00EFEF13 /* Icon.png */; };
		451222641C4CD00B00EFEF13 /* Icon@2x.png in Resources */ = {isa = PBXBuildFile; fileRef = 451222031C4CD00A00EFEF13 /* Icon@2x.png */; };
		451222651C4CD00B00EFEF13 /* Icon@3x.png in Resources */ = {isa = PBXBuildFile; fileRef = 451222041C4CD00A00EFEF13 /* Icon@3x.png */; };
		451222661C4CD00B00EFEF13 /* Icon_57.png in Resources */ = {isa = PBXBuildFile; fileRef = 451222051C4CD00A00EFEF13 /* Icon_57.png */; };
		451222671C4CD00B00EFEF13 /* Icon_57@2x.png in Resources */ = {isa = PBXBuildFile; fileRef = 451222061C4CD00A00EFEF13 /* Icon_57@2x.png */; };
		451222681C4CD00B00EFEF13 /* Icon_57@3x.png in Resources */ = {isa = PBXBuildFile; fileRef = 451222071C4CD00A00EFEF13 /* Icon_57@3x.png */; };
		451222691C4CD00B00EFEF13 /* Icon_72.png in Resources */ = {isa = PBXBuildFile; fileRef = 451222081C4CD00A00EFEF13 /* Icon_72.png */; };
		4512226A1C4CD00B00EFEF13 /* Icon_72@2x.png in Resources */ = {isa = PBXBuildFile; fileRef = 451222091C4CD00A00EFEF13 /* Icon_72@2x.png */; };
		4512226B1C4CD00B00EFEF13 /* Icon_72@3x.png in Resources */ = {isa = PBXBuildFile; fileRef = 4512220A1C4CD00A00EFEF13 /* Icon_72@3x.png */; };
		4512226C1C4CD00B00EFEF13 /* Icon_76.png in Resources */ = {isa = PBXBuildFile; fileRef = 4512220B1C4CD00A00EFEF13 /* Icon_76.png */; };
		4512226D1C4CD00B00EFEF13 /* Icon_76@2x.png in Resources */ = {isa = PBXBuildFile; fileRef = 4512220C1C4CD00A00EFEF13 /* Icon_76@2x.png */; };
		4512226E1C4CD00B00EFEF13 /* Icon_76@3x.png in Resources */ = {isa = PBXBuildFile; fileRef = 4512220D1C4CD00A00EFEF13 /* Icon_76@3x.png */; };
		4512226F1C4CD00B00EFEF13 /* LevelLock.png in Resources */ = {isa = PBXBuildFile; fileRef = 4512220E1C4CD00A00EFEF13 /* LevelLock.png */; };
		451222701C4CD00B00EFEF13 /* LevelOpen.png in Resources */ = {isa = PBXBuildFile; fileRef = 4512220F1C4CD00A00EFEF13 /* LevelOpen.png */; };
		451222721C4CD00B00EFEF13 /* back.png in Resources */ = {isa = PBXBuildFile; fileRef = 451222131C4CD00A00EFEF13 /* back.png */; };
		451222741C4CD00B00EFEF13 /* continuegame.png in Resources */ = {isa = PBXBuildFile; fileRef = 451222151C4CD00A00EFEF13 /* continuegame.png */; };
		451222751C4CD00B00EFEF13 /* music.png in Resources */ = {isa = PBXBuildFile; fileRef = 451222161C4CD00A00EFEF13 /* music.png */; };
		451222761C4CD00B00EFEF13 /* pause@2x.png in Resources */ = {isa = PBXBuildFile; fileRef = 451222171C4CD00A00EFEF13 /* pause@2x.png */; };
		451222771C4CD00B00EFEF13 /* pause_bg.png in Resources */ = {isa = PBXBuildFile; fileRef = 451222181C4CD00A00EFEF13 /* pause_bg.png */; };
		451222781C4CD00B00EFEF13 /* regroup@2x.png in Resources */ = {isa = PBXBuildFile; fileRef = 451222191C4CD00A00EFEF13 /* regroup@2x.png */; };
		451222791C4CD00B00EFEF13 /* seek@2x.png in Resources */ = {isa = PBXBuildFile; fileRef = 4512221A1C4CD00A00EFEF13 /* seek@2x.png */; };
		4512227A1C4CD00B00EFEF13 /* slider_03.png in Resources */ = {isa = PBXBuildFile; fileRef = 4512221B1C4CD00A00EFEF13 /* slider_03.png */; };
		4512227B1C4CD00B00EFEF13 /* sound.png in Resources */ = {isa = PBXBuildFile; fileRef = 4512221C1C4CD00A00EFEF13 /* sound.png */; };
		4512227C1C4CD00B00EFEF13 /* continue@2x.png in Resources */ = {isa = PBXBuildFile; fileRef = 4512221D1C4CD00A00EFEF13 /* continue@2x.png */; };
		4512227D1C4CD00B00EFEF13 /* find.png in Resources */ = {isa = PBXBuildFile; fileRef = 4512221E1C4CD00A00EFEF13 /* find.png */; };
		4512227E1C4CD00B00EFEF13 /* gamebg5.png in Resources */ = {isa = PBXBuildFile; fileRef = 4512221F1C4CD00A00EFEF13 /* gamebg5.png */; };
		4512227F1C4CD00B00EFEF13 /* gamerbg.png in Resources */ = {isa = PBXBuildFile; fileRef = 451222201C4CD00A00EFEF13 /* gamerbg.png */; };
		451222801C4CD00B00EFEF13 /* gamerbg@2x.png in Resources */ = {isa = PBXBuildFile; fileRef = 451222211C4CD00A00EFEF13 /* gamerbg@2x.png */; };
		451222811C4CD00B00EFEF13 /* gamerbg@3x.png in Resources */ = {isa = PBXBuildFile; fileRef = 451222221C4CD00A00EFEF13 /* gamerbg@3x.png */; };
		451222821C4CD00B00EFEF13 /* main-bg.png in Resources */ = {isa = PBXBuildFile; fileRef = 451222231C4CD00A00EFEF13 /* main-bg.png */; };
		451222831C4CD00B00EFEF13 /* number_bg@2x.png in Resources */ = {isa = PBXBuildFile; fileRef = 451222241C4CD00A00EFEF13 /* number_bg@2x.png */; };
		451222841C4CD00B00EFEF13 /* pasue.png in Resources */ = {isa = PBXBuildFile; fileRef = 451222251C4CD00A00EFEF13 /* pasue.png */; };
		451222851C4CD00B00EFEF13 /* refresh.png in Resources */ = {isa = PBXBuildFile; fileRef = 451222261C4CD00A00EFEF13 /* refresh.png */; };
		451222861C4CD00B00EFEF13 /* setting@2x.png in Resources */ = {isa = PBXBuildFile; fileRef = 451222271C4CD00A00EFEF13 /* setting@2x.png */; };
		451222871C4CD00B00EFEF13 /* start@2x.png in Resources */ = {isa = PBXBuildFile; fileRef = 451222281C4CD00A00EFEF13 /* start@2x.png */; };
		451222881C4CD00B00EFEF13 /* button_click_effect.mp3 in Resources */ = {isa = PBXBuildFile; fileRef = 4512222A1C4CD00A00EFEF13 /* button_click_effect.mp3 */; };
		451222891C4CD00B00EFEF13 /* connect_effect.mp3 in Resources */ = {isa = PBXBuildFile; fileRef = 4512222B1C4CD00A00EFEF13 /* connect_effect.mp3 */; };
		4512228A1C4CD00B00EFEF13 /* kisstherain.mp3 in Resources */ = {isa = PBXBuildFile; fileRef = 4512222C1C4CD00A00EFEF13 /* kisstherain.mp3 */; };
		4512228B1C4CD00B00EFEF13 /* win.mp3 in Resources */ = {isa = PBXBuildFile; fileRef = 4512222D1C4CD00A00EFEF13 /* win.mp3 */; };
		4512228C1C4CD00B00EFEF13 /* next.png in Resources */ = {isa = PBXBuildFile; fileRef = 4512222E1C4CD00A00EFEF13 /* next.png */; };
		4512228D1C4CD00B00EFEF13 /* over.png in Resources */ = {isa = PBXBuildFile; fileRef = 4512222F1C4CD00A00EFEF13 /* over.png */; };
		4512228E1C4CD00B00EFEF13 /* overtime@2x.png in Resources */ = {isa = PBXBuildFile; fileRef = 451222301C4CD00A00EFEF13 /* overtime@2x.png */; };
		4512228F1C4CD00B00EFEF13 /* 1star_medium.png in Resources */ = {isa = PBXBuildFile; fileRef = 451222321C4CD00A00EFEF13 /* 1star_medium.png */; };
		451222901C4CD00B00EFEF13 /* 2star_medium.png in Resources */ = {isa = PBXBuildFile; fileRef = 451222331C4CD00A00EFEF13 /* 2star_medium.png */; };
		451222911C4CD00B00EFEF13 /* 3star_medium.png in Resources */ = {isa = PBXBuildFile; fileRef = 451222341C4CD00A00EFEF13 /* 3star_medium.png */; };
		451222951C4CD00B00EFEF13 /* 6plus 01.png in Resources */ = {isa = PBXBuildFile; fileRef = 451222391C4CD00A00EFEF13 /* 6plus 01.png */; };
		453D98F21C4881EA00799426 /* ContinueViewController.m in Sources */ = {isa = PBXBuildFile; fileRef = 453D98F11C4881EA00799426 /* ContinueViewController.m */; };
		455883C01C3F4C4A0073F842 /* MenuView.m in Sources */ = {isa = PBXBuildFile; fileRef = 455883BF1C3F4C4A0073F842 /* MenuView.m */; };
		4567A1C81C3E4CF90080A4B3 /* SettingViewController.m in Sources */ = {isa = PBXBuildFile; fileRef = 4567A1C71C3E4CF90080A4B3 /* SettingViewController.m */; };
		457153381C3CD64B0096F042 /* MainViewController.m in Sources */ = {isa = PBXBuildFile; fileRef = 457153371C3CD64B0096F042 /* MainViewController.m */; };
		4571533F1C3CD7060096F042 /* StartViewController.m in Sources */ = {isa = PBXBuildFile; fileRef = 4571533E1C3CD7060096F042 /* StartViewController.m */; };
		459A67DF1C3BE0F700042F36 /* main.m in Sources */ = {isa = PBXBuildFile; fileRef = 459A67DE1C3BE0F700042F36 /* main.m */; };
		459A67E21C3BE0F700042F36 /* AppDelegate.m in Sources */ = {isa = PBXBuildFile; fileRef = 459A67E11C3BE0F700042F36 /* AppDelegate.m */; };
		459A67EB1C3BE0F700042F36 /* GameProject.xcdatamodeld in Sources */ = {isa = PBXBuildFile; fileRef = 459A67E91C3BE0F700042F36 /* GameProject.xcdatamodeld */; };
		459A67ED1C3BE0F700042F36 /* Assets.xcassets in Resources */ = {isa = PBXBuildFile; fileRef = 459A67EC1C3BE0F700042F36 /* Assets.xcassets */; };
		459A67FB1C3BE0F700042F36 /* GameProjectTests.m in Sources */ = {isa = PBXBuildFile; fileRef = 459A67FA1C3BE0F700042F36 /* GameProjectTests.m */; };
		459A68061C3BE0F700042F36 /* GameProjectUITests.m in Sources */ = {isa = PBXBuildFile; fileRef = 459A68051C3BE0F700042F36 /* GameProjectUITests.m */; };
		45D6227C1C42887C00BC17E0 /* Engine.m in Sources */ = {isa = PBXBuildFile; fileRef = 45D6227B1C42887C00BC17E0 /* Engine.m */; };
		45E6C3791C472DA600551E16 /* SettingDialog.m in Sources */ = {isa = PBXBuildFile; fileRef = 45E6C3781C472DA600551E16 /* SettingDialog.m */; };
/* End PBXBuildFile section */

/* Begin PBXContainerItemProxy section */
		459A67F71C3BE0F700042F36 /* PBXContainerItemProxy */ = {
			isa = PBXContainerItemProxy;
			containerPortal = 459A67D21C3BE0F700042F36 /* Project object */;
			proxyType = 1;
			remoteGlobalIDString = 459A67D91C3BE0F700042F36;
			remoteInfo = GameProject;
		};
		459A68021C3BE0F700042F36 /* PBXContainerItemProxy */ = {
			isa = PBXContainerItemProxy;
			containerPortal = 459A67D21C3BE0F700042F36 /* Project object */;
			proxyType = 1;
			remoteGlobalIDString = 459A67D91C3BE0F700042F36;
			remoteInfo = GameProject;
		};
/* End PBXContainerItemProxy section */

/* Begin PBXFileReference section */
		451221D41C4CCA2400EFEF13 /* FailureDialog.h */ = {isa = PBXFileReference; fileEncoding = 4; lastKnownFileType = sourcecode.c.h; path = FailureDialog.h; sourceTree = "<group>"; };
		451221D51C4CCA2400EFEF13 /* FailureDialog.m */ = {isa = PBXFileReference; fileEncoding = 4; lastKnownFileType = sourcecode.c.objc; path = FailureDialog.m; sourceTree = "<group>"; };
		451221D91C4CD00A00EFEF13 /* fruit-1.png */ = {isa = PBXFileReference; lastKnownFileType = image.png; path = "fruit-1.png"; sourceTree = "<group>"; };
		451221DA1C4CD00A00EFEF13 /* fruit-10.png */ = {isa = PBXFileReference; lastKnownFileType = image.png; path = "fruit-10.png"; sourceTree = "<group>"; };
		451221DB1C4CD00A00EFEF13 /* fruit-11.png */ = {isa = PBXFileReference; lastKnownFileType = image.png; path = "fruit-11.png"; sourceTree = "<group>"; };
		451221DC1C4CD00A00EFEF13 /* fruit-12.png */ = {isa = PBXFileReference; lastKnownFileType = image.png; path = "fruit-12.png"; sourceTree = "<group>"; };
		451221DD1C4CD00A00EFEF13 /* fruit-13.png */ = {isa = PBXFileReference; lastKnownFileType = image.png; path = "fruit-13.png"; sourceTree = "<group>"; };
		451221DE1C4CD00A00EFEF13 /* fruit-14.png */ = {isa = PBXFileReference; lastKnownFileType = image.png; path = "fruit-14.png"; sourceTree = "<group>"; };
		451221DF1C4CD00A00EFEF13 /* fruit-15.png */ = {isa = PBXFileReference; lastKnownFileType = image.png; path = "fruit-15.png"; sourceTree = "<group>"; };
		451221E01C4CD00A00EFEF13 /* fruit-16.png */ = {isa = PBXFileReference; lastKnownFileType = image.png; path = "fruit-16.png"; sourceTree = "<group>"; };
		451221E11C4CD00A00EFEF13 /* fruit-17.png */ = {isa = PBXFileReference; lastKnownFileType = image.png; path = "fruit-17.png"; sourceTree = "<group>"; };
		451221E21C4CD00A00EFEF13 /* fruit-18.png */ = {isa = PBXFileReference; lastKnownFileType = image.png; path = "fruit-18.png"; sourceTree = "<group>"; };
		451221E31C4CD00A00EFEF13 /* fruit-19.png */ = {isa = PBXFileReference; lastKnownFileType = image.png; path = "fruit-19.png"; sourceTree = "<group>"; };
		451221E41C4CD00A00EFEF13 /* fruit-2.png */ = {isa = PBXFileReference; lastKnownFileType = image.png; path = "fruit-2.png"; sourceTree = "<group>"; };
		451221E51C4CD00A00EFEF13 /* fruit-20.png */ = {isa = PBXFileReference; lastKnownFileType = image.png; path = "fruit-20.png"; sourceTree = "<group>"; };
		451221E61C4CD00A00EFEF13 /* fruit-21.png */ = {isa = PBXFileReference; lastKnownFileType = image.png; path = "fruit-21.png"; sourceTree = "<group>"; };
		451221E71C4CD00A00EFEF13 /* fruit-22.png */ = {isa = PBXFileReference; lastKnownFileType = image.png; path = "fruit-22.png"; sourceTree = "<group>"; };
		451221E81C4CD00A00EFEF13 /* fruit-23.png */ = {isa = PBXFileReference; lastKnownFileType = image.png; path = "fruit-23.png"; sourceTree = "<group>"; };
		451221E91C4CD00A00EFEF13 /* fruit-24.png */ = {isa = PBXFileReference; lastKnownFileType = image.png; path = "fruit-24.png"; sourceTree = "<group>"; };
		451221EA1C4CD00A00EFEF13 /* fruit-25.png */ = {isa = PBXFileReference; lastKnownFileType = image.png; path = "fruit-25.png"; sourceTree = "<group>"; };
		451221EB1C4CD00A00EFEF13 /* fruit-26.png */ = {isa = PBXFileReference; lastKnownFileType = image.png; path = "fruit-26.png"; sourceTree = "<group>"; };
		451221EC1C4CD00A00EFEF13 /* fruit-27.png */ = {isa = PBXFileReference; lastKnownFileType = image.png; path = "fruit-27.png"; sourceTree = "<group>"; };
		451221ED1C4CD00A00EFEF13 /* fruit-28.png */ = {isa = PBXFileReference; lastKnownFileType = image.png; path = "fruit-28.png"; sourceTree = "<group>"; };
		451221EE1C4CD00A00EFEF13 /* fruit-29.png */ = {isa = PBXFileReference; lastKnownFileType = image.png; path = "fruit-29.png"; sourceTree = "<group>"; };
		451221EF1C4CD00A00EFEF13 /* fruit-3.png */ = {isa = PBXFileReference; lastKnownFileType = image.png; path = "fruit-3.png"; sourceTree = "<group>"; };
		451221F01C4CD00A00EFEF13 /* fruit-30.png */ = {isa = PBXFileReference; lastKnownFileType = image.png; path = "fruit-30.png"; sourceTree = "<group>"; };
		451221F11C4CD00A00EFEF13 /* fruit-31.png */ = {isa = PBXFileReference; lastKnownFileType = image.png; path = "fruit-31.png"; sourceTree = "<group>"; };
		451221F21C4CD00A00EFEF13 /* fruit-32.png */ = {isa = PBXFileReference; lastKnownFileType = image.png; path = "fruit-32.png"; sourceTree = "<group>"; };
		451221F31C4CD00A00EFEF13 /* fruit-4.png */ = {isa = PBXFileReference; lastKnownFileType = image.png; path = "fruit-4.png"; sourceTree = "<group>"; };
		451221F41C4CD00A00EFEF13 /* fruit-5.png */ = {isa = PBXFileReference; lastKnownFileType = image.png; path = "fruit-5.png"; sourceTree = "<group>"; };
		451221F51C4CD00A00EFEF13 /* fruit-6.png */ = {isa = PBXFileReference; lastKnownFileType = image.png; path = "fruit-6.png"; sourceTree = "<group>"; };
		451221F61C4CD00A00EFEF13 /* fruit-7.png */ = {isa = PBXFileReference; lastKnownFileType = image.png; path = "fruit-7.png"; sourceTree = "<group>"; };
		451221F71C4CD00A00EFEF13 /* fruit-8.png */ = {isa = PBXFileReference; lastKnownFileType = image.png; path = "fruit-8.png"; sourceTree = "<group>"; };
		451221F81C4CD00A00EFEF13 /* fruit-9.png */ = {isa = PBXFileReference; lastKnownFileType = image.png; path = "fruit-9.png"; sourceTree = "<group>"; };
		451221F91C4CD00A00EFEF13 /* awesome.png */ = {isa = PBXFileReference; lastKnownFileType = image.png; path = awesome.png; sourceTree = "<group>"; };
		451221FA1C4CD00A00EFEF13 /* btn_bg.png */ = {isa = PBXFileReference; lastKnownFileType = image.png; path = btn_bg.png; sourceTree = "<group>"; };
		451221FC1C4CD00A00EFEF13 /* Default@2x.png */ = {isa = PBXFileReference; lastKnownFileType = image.png; path = "Default@2x.png"; sourceTree = "<group>"; };
		451221FD1C4CD00A00EFEF13 /* Default_568h@2x.png */ = {isa = PBXFileReference; lastKnownFileType = image.png; path = "Default_568h@2x.png"; sourceTree = "<group>"; };
		451221FE1C4CD00A00EFEF13 /* Default_667h@2x.png */ = {isa = PBXFileReference; lastKnownFileType = image.png; path = "Default_667h@2x.png"; sourceTree = "<group>"; };
		451221FF1C4CD00A00EFEF13 /* Default_736h@3x.png */ = {isa = PBXFileReference; lastKnownFileType = image.png; path = "Default_736h@3x.png"; sourceTree = "<group>"; };
		451222001C4CD00A00EFEF13 /* wl.jpg */ = {isa = PBXFileReference; lastKnownFileType = image.jpeg; path = wl.jpg; sourceTree = "<group>"; };
		451222021C4CD00A00EFEF13 /* Icon.png */ = {isa = PBXFileReference; lastKnownFileType = image.png; path = Icon.png; sourceTree = "<group>"; };
		451222031C4CD00A00EFEF13 /* Icon@2x.png */ = {isa = PBXFileReference; lastKnownFileType = image.png; path = "Icon@2x.png"; sourceTree = "<group>"; };
		451222041C4CD00A00EFEF13 /* Icon@3x.png */ = {isa = PBXFileReference; lastKnownFileType = image.png; path = "Icon@3x.png"; sourceTree = "<group>"; };
		451222051C4CD00A00EFEF13 /* Icon_57.png */ = {isa = PBXFileReference; lastKnownFileType = image.png; path = Icon_57.png; sourceTree = "<group>"; };
		451222061C4CD00A00EFEF13 /* Icon_57@2x.png */ = {isa = PBXFileReference; lastKnownFileType = image.png; path = "Icon_57@2x.png"; sourceTree = "<group>"; };
		451222071C4CD00A00EFEF13 /* Icon_57@3x.png */ = {isa = PBXFileReference; lastKnownFileType = image.png; path = "Icon_57@3x.png"; sourceTree = "<group>"; };
		451222081C4CD00A00EFEF13 /* Icon_72.png */ = {isa = PBXFileReference; lastKnownFileType = image.png; path = Icon_72.png; sourceTree = "<group>"; };
		451222091C4CD00A00EFEF13 /* Icon_72@2x.png */ = {isa = PBXFileReference; lastKnownFileType = image.png; path = "Icon_72@2x.png"; sourceTree = "<group>"; };
		4512220A1C4CD00A00EFEF13 /* Icon_72@3x.png */ = {isa = PBXFileReference; lastKnownFileType = image.png; path = "Icon_72@3x.png"; sourceTree = "<group>"; };
		4512220B1C4CD00A00EFEF13 /* Icon_76.png */ = {isa = PBXFileReference; lastKnownFileType = image.png; path = Icon_76.png; sourceTree = "<group>"; };
		4512220C1C4CD00A00EFEF13 /* Icon_76@2x.png */ = {isa = PBXFileReference; lastKnownFileType = image.png; path = "Icon_76@2x.png"; sourceTree = "<group>"; };
		4512220D1C4CD00A00EFEF13 /* Icon_76@3x.png */ = {isa = PBXFileReference; lastKnownFileType = image.png; path = "Icon_76@3x.png"; sourceTree = "<group>"; };
		4512220E1C4CD00A00EFEF13 /* LevelLock.png */ = {isa = PBXFileReference; lastKnownFileType = image.png; path = LevelLock.png; sourceTree = "<group>"; };
		4512220F1C4CD00A00EFEF13 /* LevelOpen.png */ = {isa = PBXFileReference; lastKnownFileType = image.png; path = LevelOpen.png; sourceTree = "<group>"; };
		451222121C4CD00A00EFEF13 /* awesome.png */ = {isa = PBXFileReference; lastKnownFileType = image.png; path = awesome.png; sourceTree = "<group>"; };
		451222131C4CD00A00EFEF13 /* back.png */ = {isa = PBXFileReference; lastKnownFileType = image.png; path = back.png; sourceTree = "<group>"; };
		451222141C4CD00A00EFEF13 /* btn_bg.png */ = {isa = PBXFileReference; lastKnownFileType = image.png; path = btn_bg.png; sourceTree = "<group>"; };
		451222151C4CD00A00EFEF13 /* continuegame.png */ = {isa = PBXFileReference; lastKnownFileType = image.png; path = continuegame.png; sourceTree = "<group>"; };
		451222161C4CD00A00EFEF13 /* music.png */ = {isa = PBXFileReference; lastKnownFileType = image.png; path = music.png; sourceTree = "<group>"; };
		451222171C4CD00A00EFEF13 /* pause@2x.png */ = {isa = PBXFileReference; lastKnownFileType = image.png; path = "pause@2x.png"; sourceTree = "<group>"; };
		451222181C4CD00A00EFEF13 /* pause_bg.png */ = {isa = PBXFileReference; lastKnownFileType = image.png; path = pause_bg.png; sourceTree = "<group>"; };
		451222191C4CD00A00EFEF13 /* regroup@2x.png */ = {isa = PBXFileReference; lastKnownFileType = image.png; path = "regroup@2x.png"; sourceTree = "<group>"; };
		4512221A1C4CD00A00EFEF13 /* seek@2x.png */ = {isa = PBXFileReference; lastKnownFileType = image.png; path = "seek@2x.png"; sourceTree = "<group>"; };
		4512221B1C4CD00A00EFEF13 /* slider_03.png */ = {isa = PBXFileReference; lastKnownFileType = image.png; path = slider_03.png; sourceTree = "<group>"; };
		4512221C1C4CD00A00EFEF13 /* sound.png */ = {isa = PBXFileReference; lastKnownFileType = image.png; path = sound.png; sourceTree = "<group>"; };
		4512221D1C4CD00A00EFEF13 /* continue@2x.png */ = {isa = PBXFileReference; lastKnownFileType = image.png; path = "continue@2x.png"; sourceTree = "<group>"; };
		4512221E1C4CD00A00EFEF13 /* find.png */ = {isa = PBXFileReference; lastKnownFileType = image.png; path = find.png; sourceTree = "<group>"; };
		4512221F1C4CD00A00EFEF13 /* gamebg5.png */ = {isa = PBXFileReference; lastKnownFileType = image.png; path = gamebg5.png; sourceTree = "<group>"; };
		451222201C4CD00A00EFEF13 /* gamerbg.png */ = {isa = PBXFileReference; lastKnownFileType = image.png; path = gamerbg.png; sourceTree = "<group>"; };
		451222211C4CD00A00EFEF13 /* gamerbg@2x.png */ = {isa = PBXFileReference; lastKnownFileType = image.png; path = "gamerbg@2x.png"; sourceTree = "<group>"; };
		451222221C4CD00A00EFEF13 /* gamerbg@3x.png */ = {isa = PBXFileReference; lastKnownFileType = image.png; path = "gamerbg@3x.png"; sourceTree = "<group>"; };
		451222231C4CD00A00EFEF13 /* main-bg.png */ = {isa = PBXFileReference; lastKnownFileType = image.png; path = "main-bg.png"; sourceTree = "<group>"; };
		451222241C4CD00A00EFEF13 /* number_bg@2x.png */ = {isa = PBXFileReference; lastKnownFileType = image.png; path = "number_bg@2x.png"; sourceTree = "<group>"; };
		451222251C4CD00A00EFEF13 /* pasue.png */ = {isa = PBXFileReference; lastKnownFileType = image.png; path = pasue.png; sourceTree = "<group>"; };
		451222261C4CD00A00EFEF13 /* refresh.png */ = {isa = PBXFileReference; lastKnownFileType = image.png; path = refresh.png; sourceTree = "<group>"; };
		451222271C4CD00A00EFEF13 /* setting@2x.png */ = {isa = PBXFileReference; lastKnownFileType = image.png; path = "setting@2x.png"; sourceTree = "<group>"; };
		451222281C4CD00A00EFEF13 /* start@2x.png */ = {isa = PBXFileReference; lastKnownFileType = image.png; path = "start@2x.png"; sourceTree = "<group>"; };
		4512222A1C4CD00A00EFEF13 /* button_click_effect.mp3 */ = {isa = PBXFileReference; lastKnownFileType = audio.mp3; path = button_click_effect.mp3; sourceTree = "<group>"; };
		4512222B1C4CD00A00EFEF13 /* connect_effect.mp3 */ = {isa = PBXFileReference; lastKnownFileType = audio.mp3; path = connect_effect.mp3; sourceTree = "<group>"; };
		4512222C1C4CD00A00EFEF13 /* kisstherain.mp3 */ = {isa = PBXFileReference; lastKnownFileType = audio.mp3; path = kisstherain.mp3; sourceTree = "<group>"; };
		4512222D1C4CD00A00EFEF13 /* win.mp3 */ = {isa = PBXFileReference; lastKnownFileType = audio.mp3; path = win.mp3; sourceTree = "<group>"; };
		4512222E1C4CD00A00EFEF13 /* next.png */ = {isa = PBXFileReference; lastKnownFileType = image.png; path = next.png; sourceTree = "<group>"; };
		4512222F1C4CD00A00EFEF13 /* over.png */ = {isa = PBXFileReference; lastKnownFileType = image.png; path = over.png; sourceTree = "<group>"; };
		451222301C4CD00A00EFEF13 /* overtime@2x.png */ = {isa = PBXFileReference; lastKnownFileType = image.png; path = "overtime@2x.png"; sourceTree = "<group>"; };
		451222321C4CD00A00EFEF13 /* 1star_medium.png */ = {isa = PBXFileReference; lastKnownFileType = image.png; path = 1star_medium.png; sourceTree = "<group>"; };
		451222331C4CD00A00EFEF13 /* 2star_medium.png */ = {isa = PBXFileReference; lastKnownFileType = image.png; path = 2star_medium.png; sourceTree = "<group>"; };
		451222341C4CD00A00EFEF13 /* 3star_medium.png */ = {isa = PBXFileReference; lastKnownFileType = image.png; path = 3star_medium.png; sourceTree = "<group>"; };
		451222351C4CD00A00EFEF13 /* awesome.png */ = {isa = PBXFileReference; lastKnownFileType = image.png; path = awesome.png; sourceTree = "<group>"; };
		451222361C4CD00A00EFEF13 /* LevelLock.png */ = {isa = PBXFileReference; lastKnownFileType = image.png; path = LevelLock.png; sourceTree = "<group>"; };
		451222371C4CD00A00EFEF13 /* LevelOpen.png */ = {isa = PBXFileReference; lastKnownFileType = image.png; path = LevelOpen.png; sourceTree = "<group>"; };
		451222391C4CD00A00EFEF13 /* 6plus 01.png */ = {isa = PBXFileReference; lastKnownFileType = image.png; path = "6plus 01.png"; sourceTree = "<group>"; };
		4512223B1C4CD00A00EFEF13 /* Icon_76@3x.png */ = {isa = PBXFileReference; lastKnownFileType = image.png; path = "Icon_76@3x.png"; sourceTree = "<group>"; };
		453D98F01C4881EA00799426 /* ContinueViewController.h */ = {isa = PBXFileReference; fileEncoding = 4; lastKnownFileType = sourcecode.c.h; path = ContinueViewController.h; sourceTree = "<group>"; };
		453D98F11C4881EA00799426 /* ContinueViewController.m */ = {isa = PBXFileReference; fileEncoding = 4; lastKnownFileType = sourcecode.c.objc; path = ContinueViewController.m; sourceTree = "<group>"; };
		455883BE1C3F4C4A0073F842 /* MenuView.h */ = {isa = PBXFileReference; fileEncoding = 4; lastKnownFileType = sourcecode.c.h; path = MenuView.h; sourceTree = "<group>"; };
		455883BF1C3F4C4A0073F842 /* MenuView.m */ = {isa = PBXFileReference; fileEncoding = 4; lastKnownFileType = sourcecode.c.objc; path = MenuView.m; sourceTree = "<group>"; };
		4567A1C61C3E4CF90080A4B3 /* SettingViewController.h */ = {isa = PBXFileReference; fileEncoding = 4; lastKnownFileType = sourcecode.c.h; path = SettingViewController.h; sourceTree = "<group>"; };
		4567A1C71C3E4CF90080A4B3 /* SettingViewController.m */ = {isa = PBXFileReference; fileEncoding = 4; lastKnownFileType = sourcecode.c.objc; path = SettingViewController.m; sourceTree = "<group>"; };
		457153371C3CD64B0096F042 /* MainViewController.m */ = {isa = PBXFileReference; fileEncoding = 4; lastKnownFileType = sourcecode.c.objc; path = MainViewController.m; sourceTree = "<group>"; };
		4571533A1C3CD6F10096F042 /* MainViewController.h */ = {isa = PBXFileReference; fileEncoding = 4; lastKnownFileType = sourcecode.c.h; path = MainViewController.h; sourceTree = "<group>"; };
		4571533D1C3CD7060096F042 /* StartViewController.h */ = {isa = PBXFileReference; fileEncoding = 4; lastKnownFileType = sourcecode.c.h; path = StartViewController.h; sourceTree = "<group>"; };
		4571533E1C3CD7060096F042 /* StartViewController.m */ = {isa = PBXFileReference; fileEncoding = 4; lastKnownFileType = sourcecode.c.objc; path = StartViewController.m; sourceTree = "<group>"; };
		457154C71C3CF04A0096F042 /* PublicDefine.h */ = {isa = PBXFileReference; fileEncoding = 4; lastKnownFileType = sourcecode.c.h; path = PublicDefine.h; sourceTree = "<group>"; };
		459A67DA1C3BE0F700042F36 /* GameProject.app */ = {isa = PBXFileReference; explicitFileType = wrapper.application; includeInIndex = 0; path = GameProject.app; sourceTree = BUILT_PRODUCTS_DIR; };
		459A67DE1C3BE0F700042F36 /* main.m */ = {isa = PBXFileReference; lastKnownFileType = sourcecode.c.objc; path = main.m; sourceTree = "<group>"; };
		459A67E01C3BE0F700042F36 /* AppDelegate.h */ = {isa = PBXFileReference; lastKnownFileType = sourcecode.c.h; path = AppDelegate.h; sourceTree = "<group>"; };
		459A67E11C3BE0F700042F36 /* AppDelegate.m */ = {isa = PBXFileReference; lastKnownFileType = sourcecode.c.objc; path = AppDelegate.m; sourceTree = "<group>"; };
		459A67EA1C3BE0F700042F36 /* GameProject.xcdatamodel */ = {isa = PBXFileReference; lastKnownFileType = wrapper.xcdatamodel; path = GameProject.xcdatamodel; sourceTree = "<group>"; };
		459A67EC1C3BE0F700042F36 /* Assets.xcassets */ = {isa = PBXFileReference; lastKnownFileType = folder.assetcatalog; path = Assets.xcassets; sourceTree = "<group>"; };
		459A67F11C3BE0F700042F36 /* Info.plist */ = {isa = PBXFileReference; lastKnownFileType = text.plist.xml; path = Info.plist; sourceTree = "<group>"; };
		459A67F61C3BE0F700042F36 /* GameProjectTests.xctest */ = {isa = PBXFileReference; explicitFileType = wrapper.cfbundle; includeInIndex = 0; path = GameProjectTests.xctest; sourceTree = BUILT_PRODUCTS_DIR; };
		459A67FA1C3BE0F700042F36 /* GameProjectTests.m */ = {isa = PBXFileReference; lastKnownFileType = sourcecode.c.objc; path = GameProjectTests.m; sourceTree = "<group>"; };
		459A67FC1C3BE0F700042F36 /* Info.plist */ = {isa = PBXFileReference; lastKnownFileType = text.plist.xml; path = Info.plist; sourceTree = "<group>"; };
		459A68011C3BE0F700042F36 /* GameProjectUITests.xctest */ = {isa = PBXFileReference; explicitFileType = wrapper.cfbundle; includeInIndex = 0; path = GameProjectUITests.xctest; sourceTree = BUILT_PRODUCTS_DIR; };
		459A68051C3BE0F700042F36 /* GameProjectUITests.m */ = {isa = PBXFileReference; lastKnownFileType = sourcecode.c.objc; path = GameProjectUITests.m; sourceTree = "<group>"; };
		459A68071C3BE0F700042F36 /* Info.plist */ = {isa = PBXFileReference; lastKnownFileType = text.plist.xml; path = Info.plist; sourceTree = "<group>"; };
		45D6227A1C42887C00BC17E0 /* Engine.h */ = {isa = PBXFileReference; fileEncoding = 4; lastKnownFileType = sourcecode.c.h; path = Engine.h; sourceTree = "<group>"; };
		45D6227B1C42887C00BC17E0 /* Engine.m */ = {isa = PBXFileReference; fileEncoding = 4; lastKnownFileType = sourcecode.c.objc; path = Engine.m; sourceTree = "<group>"; };
		45E6C3771C472DA600551E16 /* SettingDialog.h */ = {isa = PBXFileReference; fileEncoding = 4; lastKnownFileType = sourcecode.c.h; path = SettingDialog.h; sourceTree = "<group>"; };
		45E6C3781C472DA600551E16 /* SettingDialog.m */ = {isa = PBXFileReference; fileEncoding = 4; lastKnownFileType = sourcecode.c.objc; path = SettingDialog.m; sourceTree = "<group>"; };
/* End PBXFileReference section */

/* Begin PBXFrameworksBuildPhase section */
		459A67D71C3BE0F700042F36 /* Frameworks */ = {
			isa = PBXFrameworksBuildPhase;
			buildActionMask = 2147483647;
			files = (
			);
			runOnlyForDeploymentPostprocessing = 0;
		};
		459A67F31C3BE0F700042F36 /* Frameworks */ = {
			isa = PBXFrameworksBuildPhase;
			buildActionMask = 2147483647;
			files = (
			);
			runOnlyForDeploymentPostprocessing = 0;
		};
		459A67FE1C3BE0F700042F36 /* Frameworks */ = {
			isa = PBXFrameworksBuildPhase;
			buildActionMask = 2147483647;
			files = (
			);
			runOnlyForDeploymentPostprocessing = 0;
		};
/* End PBXFrameworksBuildPhase section */

/* Begin PBXGroup section */
		451221D71C4CD00A00EFEF13 /* Resource */ = {
			isa = PBXGroup;
			children = (
				451221D81C4CD00A00EFEF13 /* @2x */,
				451221F91C4CD00A00EFEF13 /* awesome.png */,
				451221FA1C4CD00A00EFEF13 /* btn_bg.png */,
				451221FB1C4CD00A00EFEF13 /* Defaults */,
				451222011C4CD00A00EFEF13 /* Icon */,
				4512220E1C4CD00A00EFEF13 /* LevelLock.png */,
				4512220F1C4CD00A00EFEF13 /* LevelOpen.png */,
				451222101C4CD00A00EFEF13 /* Main */,
				451222291C4CD00A00EFEF13 /* mp3 */,
				4512222E1C4CD00A00EFEF13 /* next.png */,
				4512222F1C4CD00A00EFEF13 /* over.png */,
				451222301C4CD00A00EFEF13 /* overtime@2x.png */,
				451222311C4CD00A00EFEF13 /* star */,
				451222381C4CD00A00EFEF13 /* 发布使用图 */,
				4512223A1C4CD00A00EFEF13 /* 效果图 */,
			);
			path = Resource;
			sourceTree = "<group>";
		};
		451221D81C4CD00A00EFEF13 /* @2x */ = {
			isa = PBXGroup;
			children = (
				451221D91C4CD00A00EFEF13 /* fruit-1.png */,
				451221DA1C4CD00A00EFEF13 /* fruit-10.png */,
				451221DB1C4CD00A00EFEF13 /* fruit-11.png */,
				451221DC1C4CD00A00EFEF13 /* fruit-12.png */,
				451221DD1C4CD00A00EFEF13 /* fruit-13.png */,
				451221DE1C4CD00A00EFEF13 /* fruit-14.png */,
				451221DF1C4CD00A00EFEF13 /* fruit-15.png */,
				451221E01C4CD00A00EFEF13 /* fruit-16.png */,
				451221E11C4CD00A00EFEF13 /* fruit-17.png */,
				451221E21C4CD00A00EFEF13 /* fruit-18.png */,
				451221E31C4CD00A00EFEF13 /* fruit-19.png */,
				451221E41C4CD00A00EFEF13 /* fruit-2.png */,
				451221E51C4CD00A00EFEF13 /* fruit-20.png */,
				451221E61C4CD00A00EFEF13 /* fruit-21.png */,
				451221E71C4CD00A00EFEF13 /* fruit-22.png */,
				451221E81C4CD00A00EFEF13 /* fruit-23.png */,
				451221E91C4CD00A00EFEF13 /* fruit-24.png */,
				451221EA1C4CD00A00EFEF13 /* fruit-25.png */,
				451221EB1C4CD00A00EFEF13 /* fruit-26.png */,
				451221EC1C4CD00A00EFEF13 /* fruit-27.png */,
				451221ED1C4CD00A00EFEF13 /* fruit-28.png */,
				451221EE1C4CD00A00EFEF13 /* fruit-29.png */,
				451221EF1C4CD00A00EFEF13 /* fruit-3.png */,
				451221F01C4CD00A00EFEF13 /* fruit-30.png */,
				451221F11C4CD00A00EFEF13 /* fruit-31.png */,
				451221F21C4CD00A00EFEF13 /* fruit-32.png */,
				451221F31C4CD00A00EFEF13 /* fruit-4.png */,
				451221F41C4CD00A00EFEF13 /* fruit-5.png */,
				451221F51C4CD00A00EFEF13 /* fruit-6.png */,
				451221F61C4CD00A00EFEF13 /* fruit-7.png */,
				451221F71C4CD00A00EFEF13 /* fruit-8.png */,
				451221F81C4CD00A00EFEF13 /* fruit-9.png */,
			);
			path = "@2x";
			sourceTree = "<group>";
		};
		451221FB1C4CD00A00EFEF13 /* Defaults */ = {
			isa = PBXGroup;
			children = (
				451221FC1C4CD00A00EFEF13 /* Default@2x.png */,
				451221FD1C4CD00A00EFEF13 /* Default_568h@2x.png */,
				451221FE1C4CD00A00EFEF13 /* Default_667h@2x.png */,
				451221FF1C4CD00A00EFEF13 /* Default_736h@3x.png */,
				451222001C4CD00A00EFEF13 /* wl.jpg */,
			);
			path = Defaults;
			sourceTree = "<group>";
		};
		451222011C4CD00A00EFEF13 /* Icon */ = {
			isa = PBXGroup;
			children = (
				451222021C4CD00A00EFEF13 /* Icon.png */,
				451222031C4CD00A00EFEF13 /* Icon@2x.png */,
				451222041C4CD00A00EFEF13 /* Icon@3x.png */,
				451222051C4CD00A00EFEF13 /* Icon_57.png */,
				451222061C4CD00A00EFEF13 /* Icon_57@2x.png */,
				451222071C4CD00A00EFEF13 /* Icon_57@3x.png */,
				451222081C4CD00A00EFEF13 /* Icon_72.png */,
				451222091C4CD00A00EFEF13 /* Icon_72@2x.png */,
				4512220A1C4CD00A00EFEF13 /* Icon_72@3x.png */,
				4512220B1C4CD00A00EFEF13 /* Icon_76.png */,
				4512220C1C4CD00A00EFEF13 /* Icon_76@2x.png */,
				4512220D1C4CD00A00EFEF13 /* Icon_76@3x.png */,
			);
			path = Icon;
			sourceTree = "<group>";
		};
		451222101C4CD00A00EFEF13 /* Main */ = {
			isa = PBXGroup;
			children = (
				451222111C4CD00A00EFEF13 /* btn */,
				4512221D1C4CD00A00EFEF13 /* continue@2x.png */,
				4512221E1C4CD00A00EFEF13 /* find.png */,
				4512221F1C4CD00A00EFEF13 /* gamebg5.png */,
				451222201C4CD00A00EFEF13 /* gamerbg.png */,
				451222211C4CD00A00EFEF13 /* gamerbg@2x.png */,
				451222221C4CD00A00EFEF13 /* gamerbg@3x.png */,
				451222231C4CD00A00EFEF13 /* main-bg.png */,
				451222241C4CD00A00EFEF13 /* number_bg@2x.png */,
				451222251C4CD00A00EFEF13 /* pasue.png */,
				451222261C4CD00A00EFEF13 /* refresh.png */,
				451222271C4CD00A00EFEF13 /* setting@2x.png */,
				451222281C4CD00A00EFEF13 /* start@2x.png */,
			);
			path = Main;
			sourceTree = "<group>";
		};
		451222111C4CD00A00EFEF13 /* btn */ = {
			isa = PBXGroup;
			children = (
				451222121C4CD00A00EFEF13 /* awesome.png */,
				451222131C4CD00A00EFEF13 /* back.png */,
				451222141C4CD00A00EFEF13 /* btn_bg.png */,
				451222151C4CD00A00EFEF13 /* continuegame.png */,
				451222161C4CD00A00EFEF13 /* music.png */,
				451222171C4CD00A00EFEF13 /* pause@2x.png */,
				451222181C4CD00A00EFEF13 /* pause_bg.png */,
				451222191C4CD00A00EFEF13 /* regroup@2x.png */,
				4512221A1C4CD00A00EFEF13 /* seek@2x.png */,
				4512221B1C4CD00A00EFEF13 /* slider_03.png */,
				4512221C1C4CD00A00EFEF13 /* sound.png */,
			);
			path = btn;
			sourceTree = "<group>";
		};
		451222291C4CD00A00EFEF13 /* mp3 */ = {
			isa = PBXGroup;
			children = (
				4512222A1C4CD00A00EFEF13 /* button_click_effect.mp3 */,
				4512222B1C4CD00A00EFEF13 /* connect_effect.mp3 */,
				4512222C1C4CD00A00EFEF13 /* kisstherain.mp3 */,
				4512222D1C4CD00A00EFEF13 /* win.mp3 */,
			);
			path = mp3;
			sourceTree = "<group>";
		};
		451222311C4CD00A00EFEF13 /* star */ = {
			isa = PBXGroup;
			children = (
				451222321C4CD00A00EFEF13 /* 1star_medium.png */,
				451222331C4CD00A00EFEF13 /* 2star_medium.png */,
				451222341C4CD00A00EFEF13 /* 3star_medium.png */,
				451222351C4CD00A00EFEF13 /* awesome.png */,
				451222361C4CD00A00EFEF13 /* LevelLock.png */,
				451222371C4CD00A00EFEF13 /* LevelOpen.png */,
			);
			path = star;
			sourceTree = "<group>";
		};
		451222381C4CD00A00EFEF13 /* 发布使用图 */ = {
			isa = PBXGroup;
			children = (
				451222391C4CD00A00EFEF13 /* 6plus 01.png */,
			);
			path = "发布使用图";
			sourceTree = "<group>";
		};
		4512223A1C4CD00A00EFEF13 /* 效果图 */ = {
			isa = PBXGroup;
			children = (
				4512223B1C4CD00A00EFEF13 /* Icon_76@3x.png */,
			);
			path = "效果图";
			sourceTree = "<group>";
		};
		455883BD1C3F4BE60073F842 /* UIView */ = {
			isa = PBXGroup;
			children = (
				455883BE1C3F4C4A0073F842 /* MenuView.h */,
				455883BF1C3F4C4A0073F842 /* MenuView.m */,
				45E6C3771C472DA600551E16 /* SettingDialog.h */,
				45E6C3781C472DA600551E16 /* SettingDialog.m */,
				451221D41C4CCA2400EFEF13 /* FailureDialog.h */,
				451221D51C4CCA2400EFEF13 /* FailureDialog.m */,
			);
			path = UIView;
			sourceTree = "<group>";
		};
		457153331C3CD5EA0096F042 /* Class */ = {
			isa = PBXGroup;
			children = (
				45D622791C427A7800BC17E0 /* Engine */,
				455883BD1C3F4BE60073F842 /* UIView */,
				457153341C3CD5EA0096F042 /* BaseViewController */,
				457153351C3CD5EA0096F042 /* Common */,
				457153361C3CD5EA0096F042 /* SubViewController */,
			);
			path = Class;
			sourceTree = "<group>";
		};
		457153341C3CD5EA0096F042 /* BaseViewController */ = {
			isa = PBXGroup;
			children = (
				4571533A1C3CD6F10096F042 /* MainViewController.h */,
				457153371C3CD64B0096F042 /* MainViewController.m */,
			);
			path = BaseViewController;
			sourceTree = "<group>";
		};
		457153351C3CD5EA0096F042 /* Common */ = {
			isa = PBXGroup;
			children = (
				457154C71C3CF04A0096F042 /* PublicDefine.h */,
			);
			path = Common;
			sourceTree = "<group>";
		};
		457153361C3CD5EA0096F042 /* SubViewController */ = {
			isa = PBXGroup;
			children = (
				4571533D1C3CD7060096F042 /* StartViewController.h */,
				4571533E1C3CD7060096F042 /* StartViewController.m */,
				4567A1C61C3E4CF90080A4B3 /* SettingViewController.h */,
				4567A1C71C3E4CF90080A4B3 /* SettingViewController.m */,
				453D98F01C4881EA00799426 /* ContinueViewController.h */,
				453D98F11C4881EA00799426 /* ContinueViewController.m */,
			);
			path = SubViewController;
			sourceTree = "<group>";
		};
		459A67D11C3BE0F700042F36 = {
			isa = PBXGroup;
			children = (
				457153331C3CD5EA0096F042 /* Class */,
				459A67DC1C3BE0F700042F36 /* GameProject */,
				459A67F91C3BE0F700042F36 /* GameProjectTests */,
				459A68041C3BE0F700042F36 /* GameProjectUITests */,
				459A67DB1C3BE0F700042F36 /* Products */,
				451221D71C4CD00A00EFEF13 /* Resource */,
			);
			sourceTree = "<group>";
		};
		459A67DB1C3BE0F700042F36 /* Products */ = {
			isa = PBXGroup;
			children = (
				459A67DA1C3BE0F700042F36 /* GameProject.app */,
				459A67F61C3BE0F700042F36 /* GameProjectTests.xctest */,
				459A68011C3BE0F700042F36 /* GameProjectUITests.xctest */,
			);
			name = Products;
			sourceTree = "<group>";
		};
		459A67DC1C3BE0F700042F36 /* GameProject */ = {
			isa = PBXGroup;
			children = (
				459A67E01C3BE0F700042F36 /* AppDelegate.h */,
				459A67E11C3BE0F700042F36 /* AppDelegate.m */,
				459A67EC1C3BE0F700042F36 /* Assets.xcassets */,
				459A67F11C3BE0F700042F36 /* Info.plist */,
				459A67E91C3BE0F700042F36 /* GameProject.xcdatamodeld */,
				459A67DD1C3BE0F700042F36 /* Supporting Files */,
			);
			path = GameProject;
			sourceTree = "<group>";
		};
		459A67DD1C3BE0F700042F36 /* Supporting Files */ = {
			isa = PBXGroup;
			children = (
				459A67DE1C3BE0F700042F36 /* main.m */,
			);
			name = "Supporting Files";
			sourceTree = "<group>";
		};
		459A67F91C3BE0F700042F36 /* GameProjectTests */ = {
			isa = PBXGroup;
			children = (
				459A67FA1C3BE0F700042F36 /* GameProjectTests.m */,
				459A67FC1C3BE0F700042F36 /* Info.plist */,
			);
			path = GameProjectTests;
			sourceTree = "<group>";
		};
		459A68041C3BE0F700042F36 /* GameProjectUITests */ = {
			isa = PBXGroup;
			children = (
				459A68051C3BE0F700042F36 /* GameProjectUITests.m */,
				459A68071C3BE0F700042F36 /* Info.plist */,
			);
			path = GameProjectUITests;
			sourceTree = "<group>";
		};
		45D622791C427A7800BC17E0 /* Engine */ = {
			isa = PBXGroup;
			children = (
				45D6227A1C42887C00BC17E0 /* Engine.h */,
				45D6227B1C42887C00BC17E0 /* Engine.m */,
			);
			path = Engine;
			sourceTree = "<group>";
		};
/* End PBXGroup section */

/* Begin PBXNativeTarget section */
		459A67D91C3BE0F700042F36 /* GameProject */ = {
			isa = PBXNativeTarget;
			buildConfigurationList = 459A680A1C3BE0F700042F36 /* Build configuration list for PBXNativeTarget "GameProject" */;
			buildPhases = (
				459A67D61C3BE0F700042F36 /* Sources */,
				459A67D71C3BE0F700042F36 /* Frameworks */,
				459A67D81C3BE0F700042F36 /* Resources */,
			);
			buildRules = (
			);
			dependencies = (
			);
			name = GameProject;
			productName = GameProject;
			productReference = 459A67DA1C3BE0F700042F36 /* GameProject.app */;
			productType = "com.apple.product-type.application";
		};
		459A67F51C3BE0F700042F36 /* GameProjectTests */ = {
			isa = PBXNativeTarget;
			buildConfigurationList = 459A680D1C3BE0F700042F36 /* Build configuration list for PBXNativeTarget "GameProjectTests" */;
			buildPhases = (
				459A67F21C3BE0F700042F36 /* Sources */,
				459A67F31C3BE0F700042F36 /* Frameworks */,
				459A67F41C3BE0F700042F36 /* Resources */,
			);
			buildRules = (
			);
			dependencies = (
				459A67F81C3BE0F700042F36 /* PBXTargetDependency */,
			);
			name = GameProjectTests;
			productName = GameProjectTests;
			productReference = 459A67F61C3BE0F700042F36 /* GameProjectTests.xctest */;
			productType = "com.apple.product-type.bundle.unit-test";
		};
		459A68001C3BE0F700042F36 /* GameProjectUITests */ = {
			isa = PBXNativeTarget;
			buildConfigurationList = 459A68101C3BE0F700042F36 /* Build configuration list for PBXNativeTarget "GameProjectUITests" */;
			buildPhases = (
				459A67FD1C3BE0F700042F36 /* Sources */,
				459A67FE1C3BE0F700042F36 /* Frameworks */,
				459A67FF1C3BE0F700042F36 /* Resources */,
			);
			buildRules = (
			);
			dependencies = (
				459A68031C3BE0F700042F36 /* PBXTargetDependency */,
			);
			name = GameProjectUITests;
			productName = GameProjectUITests;
			productReference = 459A68011C3BE0F700042F36 /* GameProjectUITests.xctest */;
			productType = "com.apple.product-type.bundle.ui-testing";
		};
/* End PBXNativeTarget section */

/* Begin PBXProject section */
		459A67D21C3BE0F700042F36 /* Project object */ = {
			isa = PBXProject;
			attributes = {
				LastUpgradeCheck = 0720;
				ORGANIZATIONNAME = YYQ2B;
				TargetAttributes = {
					459A67D91C3BE0F700042F36 = {
						CreatedOnToolsVersion = 7.2;
					};
					459A67F51C3BE0F700042F36 = {
						CreatedOnToolsVersion = 7.2;
						TestTargetID = 459A67D91C3BE0F700042F36;
					};
					459A68001C3BE0F700042F36 = {
						CreatedOnToolsVersion = 7.2;
						TestTargetID = 459A67D91C3BE0F700042F36;
					};
				};
			};
			buildConfigurationList = 459A67D51C3BE0F700042F36 /* Build configuration list for PBXProject "GameProject" */;
			compatibilityVersion = "Xcode 3.2";
			developmentRegion = English;
			hasScannedForEncodings = 0;
			knownRegions = (
				en,
				Base,
			);
			mainGroup = 459A67D11C3BE0F700042F36;
			productRefGroup = 459A67DB1C3BE0F700042F36 /* Products */;
			projectDirPath = "";
			projectRoot = "";
			targets = (
				459A67D91C3BE0F700042F36 /* GameProject */,
				459A67F51C3BE0F700042F36 /* GameProjectTests */,
				459A68001C3BE0F700042F36 /* GameProjectUITests */,
			);
		};
/* End PBXProject section */

/* Begin PBXResourcesBuildPhase section */
		459A67D81C3BE0F700042F36 /* Resources */ = {
			isa = PBXResourcesBuildPhase;
			buildActionMask = 2147483647;
			files = (
				451222621C4CD00B00EFEF13 /* wl.jpg in Resources */,
				451222521C4CD00B00EFEF13 /* fruit-3.png in Resources */,
				451222551C4CD00B00EFEF13 /* fruit-32.png in Resources */,
				451222721C4CD00B00EFEF13 /* back.png in Resources */,
				4512227A1C4CD00B00EFEF13 /* slider_03.png in Resources */,
				451222781C4CD00B00EFEF13 /* regroup@2x.png in Resources */,
				451222871C4CD00B00EFEF13 /* start@2x.png in Resources */,
				451222501C4CD00B00EFEF13 /* fruit-28.png in Resources */,
				451222651C4CD00B00EFEF13 /* Icon@3x.png in Resources */,
				451222761C4CD00B00EFEF13 /* pause@2x.png in Resources */,
				4512225B1C4CD00B00EFEF13 /* fruit-9.png in Resources */,
				451222891C4CD00B00EFEF13 /* connect_effect.mp3 in Resources */,
				451222441C4CD00B00EFEF13 /* fruit-17.png in Resources */,
				4512226F1C4CD00B00EFEF13 /* LevelLock.png in Resources */,
				4512223F1C4CD00B00EFEF13 /* fruit-12.png in Resources */,
				451222431C4CD00B00EFEF13 /* fruit-16.png in Resources */,
				451222471C4CD00B00EFEF13 /* fruit-2.png in Resources */,
				451222541C4CD00B00EFEF13 /* fruit-31.png in Resources */,
				4512224F1C4CD00B00EFEF13 /* fruit-27.png in Resources */,
				4512226A1C4CD00B00EFEF13 /* Icon_72@2x.png in Resources */,
				451222851C4CD00B00EFEF13 /* refresh.png in Resources */,
				451222571C4CD00B00EFEF13 /* fruit-5.png in Resources */,
				451222561C4CD00B00EFEF13 /* fruit-4.png in Resources */,
				4512227D1C4CD00B00EFEF13 /* find.png in Resources */,
				451222801C4CD00B00EFEF13 /* gamerbg@2x.png in Resources */,
				4512226C1C4CD00B00EFEF13 /* Icon_76.png in Resources */,
				451222901C4CD00B00EFEF13 /* 2star_medium.png in Resources */,
				4512228B1C4CD00B00EFEF13 /* win.mp3 in Resources */,
				451222911C4CD00B00EFEF13 /* 3star_medium.png in Resources */,
				4512228C1C4CD00B00EFEF13 /* next.png in Resources */,
				4512225E1C4CD00B00EFEF13 /* Default@2x.png in Resources */,
				451222481C4CD00B00EFEF13 /* fruit-20.png in Resources */,
				451222841C4CD00B00EFEF13 /* pasue.png in Resources */,
				451222411C4CD00B00EFEF13 /* fruit-14.png in Resources */,
				4512228F1C4CD00B00EFEF13 /* 1star_medium.png in Resources */,
				451222751C4CD00B00EFEF13 /* music.png in Resources */,
				4512225A1C4CD00B00EFEF13 /* fruit-8.png in Resources */,
				4512226D1C4CD00B00EFEF13 /* Icon_76@2x.png in Resources */,
				451222741C4CD00B00EFEF13 /* continuegame.png in Resources */,
				4512227B1C4CD00B00EFEF13 /* sound.png in Resources */,
				451222631C4CD00B00EFEF13 /* Icon.png in Resources */,
				451222461C4CD00B00EFEF13 /* fruit-19.png in Resources */,
				4512227F1C4CD00B00EFEF13 /* gamerbg.png in Resources */,
				4512223E1C4CD00B00EFEF13 /* fruit-11.png in Resources */,
				4512227C1C4CD00B00EFEF13 /* continue@2x.png in Resources */,
				451222581C4CD00B00EFEF13 /* fruit-6.png in Resources */,
				4512223C1C4CD00A00EFEF13 /* fruit-1.png in Resources */,
				451222421C4CD00B00EFEF13 /* fruit-15.png in Resources */,
				4512224E1C4CD00B00EFEF13 /* fruit-26.png in Resources */,
				451222591C4CD00B00EFEF13 /* fruit-7.png in Resources */,
				451222831C4CD00B00EFEF13 /* number_bg@2x.png in Resources */,
				4512225F1C4CD00B00EFEF13 /* Default_568h@2x.png in Resources */,
				451222511C4CD00B00EFEF13 /* fruit-29.png in Resources */,
				451222681C4CD00B00EFEF13 /* Icon_57@3x.png in Resources */,
				451222531C4CD00B00EFEF13 /* fruit-30.png in Resources */,
				451222691C4CD00B00EFEF13 /* Icon_72.png in Resources */,
				451222881C4CD00B00EFEF13 /* button_click_effect.mp3 in Resources */,
				451222671C4CD00B00EFEF13 /* Icon_57@2x.png in Resources */,
				4512224C1C4CD00B00EFEF13 /* fruit-24.png in Resources */,
				451222611C4CD00B00EFEF13 /* Default_736h@3x.png in Resources */,
				4512228E1C4CD00B00EFEF13 /* overtime@2x.png in Resources */,
				4512225C1C4CD00B00EFEF13 /* awesome.png in Resources */,
				4512224A1C4CD00B00EFEF13 /* fruit-22.png in Resources */,
				451222811C4CD00B00EFEF13 /* gamerbg@3x.png in Resources */,
				451222771C4CD00B00EFEF13 /* pause_bg.png in Resources */,
				4512226B1C4CD00B00EFEF13 /* Icon_72@3x.png in Resources */,
				451222491C4CD00B00EFEF13 /* fruit-21.png in Resources */,
				451222821C4CD00B00EFEF13 /* main-bg.png in Resources */,
				451222861C4CD00B00EFEF13 /* setting@2x.png in Resources */,
				4512223D1C4CD00B00EFEF13 /* fruit-10.png in Resources */,
				4512228D1C4CD00B00EFEF13 /* over.png in Resources */,
				4512228A1C4CD00B00EFEF13 /* kisstherain.mp3 in Resources */,
				451222601C4CD00B00EFEF13 /* Default_667h@2x.png in Resources */,
				4512224B1C4CD00B00EFEF13 /* fruit-23.png in Resources */,
				451222951C4CD00B00EFEF13 /* 6plus 01.png in Resources */,
				451222401C4CD00B00EFEF13 /* fruit-13.png in Resources */,
				451222791C4CD00B00EFEF13 /* seek@2x.png in Resources */,
				451222701C4CD00B00EFEF13 /* LevelOpen.png in Resources */,
				4512226E1C4CD00B00EFEF13 /* Icon_76@3x.png in Resources */,
				451222661C4CD00B00EFEF13 /* Icon_57.png in Resources */,
				4512227E1C4CD00B00EFEF13 /* gamebg5.png in Resources */,
				451222641C4CD00B00EFEF13 /* Icon@2x.png in Resources */,
				451222451C4CD00B00EFEF13 /* fruit-18.png in Resources */,
				4512224D1C4CD00B00EFEF13 /* fruit-25.png in Resources */,
				4512225D1C4CD00B00EFEF13 /* btn_bg.png in Resources */,
				459A67ED1C3BE0F700042F36 /* Assets.xcassets in Resources */,
			);
			runOnlyForDeploymentPostprocessing = 0;
		};
		459A67F41C3BE0F700042F36 /* Resources */ = {
			isa = PBXResourcesBuildPhase;
			buildActionMask = 2147483647;
			files = (
			);
			runOnlyForDeploymentPostprocessing = 0;
		};
		459A67FF1C3BE0F700042F36 /* Resources */ = {
			isa = PBXResourcesBuildPhase;
			buildActionMask = 2147483647;
			files = (
			);
			runOnlyForDeploymentPostprocessing = 0;
		};
/* End PBXResourcesBuildPhase section */

/* Begin PBXSourcesBuildPhase section */
		459A67D61C3BE0F700042F36 /* Sources */ = {
			isa = PBXSourcesBuildPhase;
			buildActionMask = 2147483647;
			files = (
				459A67EB1C3BE0F700042F36 /* GameProject.xcdatamodeld in Sources */,
				453D98F21C4881EA00799426 /* ContinueViewController.m in Sources */,
				45D6227C1C42887C00BC17E0 /* Engine.m in Sources */,
				4567A1C81C3E4CF90080A4B3 /* SettingViewController.m in Sources */,
				451221D61C4CCA2400EFEF13 /* FailureDialog.m in Sources */,
				45E6C3791C472DA600551E16 /* SettingDialog.m in Sources */,
				457153381C3CD64B0096F042 /* MainViewController.m in Sources */,
				4571533F1C3CD7060096F042 /* StartViewController.m in Sources */,
				459A67E21C3BE0F700042F36 /* AppDelegate.m in Sources */,
				459A67DF1C3BE0F700042F36 /* main.m in Sources */,
				455883C01C3F4C4A0073F842 /* MenuView.m in Sources */,
			);
			runOnlyForDeploymentPostprocessing = 0;
		};
		459A67F21C3BE0F700042F36 /* Sources */ = {
			isa = PBXSourcesBuildPhase;
			buildActionMask = 2147483647;
			files = (
				459A67FB1C3BE0F700042F36 /* GameProjectTests.m in Sources */,
			);
			runOnlyForDeploymentPostprocessing = 0;
		};
		459A67FD1C3BE0F700042F36 /* Sources */ = {
			isa = PBXSourcesBuildPhase;
			buildActionMask = 2147483647;
			files = (
				459A68061C3BE0F700042F36 /* GameProjectUITests.m in Sources */,
			);
			runOnlyForDeploymentPostprocessing = 0;
		};
/* End PBXSourcesBuildPhase section */

/* Begin PBXTargetDependency section */
		459A67F81C3BE0F700042F36 /* PBXTargetDependency */ = {
			isa = PBXTargetDependency;
			target = 459A67D91C3BE0F700042F36 /* GameProject */;
			targetProxy = 459A67F71C3BE0F700042F36 /* PBXContainerItemProxy */;
		};
		459A68031C3BE0F700042F36 /* PBXTargetDependency */ = {
			isa = PBXTargetDependency;
			target = 459A67D91C3BE0F700042F36 /* GameProject */;
			targetProxy = 459A68021C3BE0F700042F36 /* PBXContainerItemProxy */;
		};
/* End PBXTargetDependency section */

/* Begin XCBuildConfiguration section */
		459A68081C3BE0F700042F36 /* Debug */ = {
			isa = XCBuildConfiguration;
			buildSettings = {
				ALWAYS_SEARCH_USER_PATHS = NO;
				CLANG_CXX_LANGUAGE_STANDARD = "gnu++0x";
				CLANG_CXX_LIBRARY = "libc++";
				CLANG_ENABLE_MODULES = YES;
				CLANG_ENABLE_OBJC_ARC = YES;
				CLANG_WARN_BOOL_CONVERSION = YES;
				CLANG_WARN_CONSTANT_CONVERSION = YES;
				CLANG_WARN_DIRECT_OBJC_ISA_USAGE = YES_ERROR;
				CLANG_WARN_EMPTY_BODY = YES;
				CLANG_WARN_ENUM_CONVERSION = YES;
				CLANG_WARN_INT_CONVERSION = YES;
				CLANG_WARN_OBJC_ROOT_CLASS = YES_ERROR;
				CLANG_WARN_UNREACHABLE_CODE = YES;
				CLANG_WARN__DUPLICATE_METHOD_MATCH = YES;
				"CODE_SIGN_IDENTITY[sdk=iphoneos*]" = "iPhone Developer";
				COPY_PHASE_STRIP = NO;
				DEBUG_INFORMATION_FORMAT = dwarf;
				ENABLE_STRICT_OBJC_MSGSEND = YES;
				ENABLE_TESTABILITY = YES;
				GCC_C_LANGUAGE_STANDARD = gnu99;
				GCC_DYNAMIC_NO_PIC = NO;
				GCC_NO_COMMON_BLOCKS = YES;
				GCC_OPTIMIZATION_LEVEL = 0;
				GCC_PREPROCESSOR_DEFINITIONS = (
					"DEBUG=1",
					"$(inherited)",
				);
				GCC_WARN_64_TO_32_BIT_CONVERSION = YES;
				GCC_WARN_ABOUT_RETURN_TYPE = YES_ERROR;
				GCC_WARN_UNDECLARED_SELECTOR = YES;
				GCC_WARN_UNINITIALIZED_AUTOS = YES_AGGRESSIVE;
				GCC_WARN_UNUSED_FUNCTION = YES;
				GCC_WARN_UNUSED_VARIABLE = YES;
				IPHONEOS_DEPLOYMENT_TARGET = 9.2;
				MTL_ENABLE_DEBUG_INFO = YES;
				ONLY_ACTIVE_ARCH = YES;
				SDKROOT = iphoneos;
			};
			name = Debug;
		};
		459A68091C3BE0F700042F36 /* Release */ = {
			isa = XCBuildConfiguration;
			buildSettings = {
				ALWAYS_SEARCH_USER_PATHS = NO;
				CLANG_CXX_LANGUAGE_STANDARD = "gnu++0x";
				CLANG_CXX_LIBRARY = "libc++";
				CLANG_ENABLE_MODULES = YES;
				CLANG_ENABLE_OBJC_ARC = YES;
				CLANG_WARN_BOOL_CONVERSION = YES;
				CLANG_WARN_CONSTANT_CONVERSION = YES;
				CLANG_WARN_DIRECT_OBJC_ISA_USAGE = YES_ERROR;
				CLANG_WARN_EMPTY_BODY = YES;
				CLANG_WARN_ENUM_CONVERSION = YES;
				CLANG_WARN_INT_CONVERSION = YES;
				CLANG_WARN_OBJC_ROOT_CLASS = YES_ERROR;
				CLANG_WARN_UNREACHABLE_CODE = YES;
				CLANG_WARN__DUPLICATE_METHOD_MATCH = YES;
				"CODE_SIGN_IDENTITY[sdk=iphoneos*]" = "iPhone Developer";
				COPY_PHASE_STRIP = NO;
				DEBUG_INFORMATION_FORMAT = "dwarf-with-dsym";
				ENABLE_NS_ASSERTIONS = NO;
				ENABLE_STRICT_OBJC_MSGSEND = YES;
				GCC_C_LANGUAGE_STANDARD = gnu99;
				GCC_NO_COMMON_BLOCKS = YES;
				GCC_WARN_64_TO_32_BIT_CONVERSION = YES;
				GCC_WARN_ABOUT_RETURN_TYPE = YES_ERROR;
				GCC_WARN_UNDECLARED_SELECTOR = YES;
				GCC_WARN_UNINITIALIZED_AUTOS = YES_AGGRESSIVE;
				GCC_WARN_UNUSED_FUNCTION = YES;
				GCC_WARN_UNUSED_VARIABLE = YES;
				IPHONEOS_DEPLOYMENT_TARGET = 9.2;
				MTL_ENABLE_DEBUG_INFO = NO;
				SDKROOT = iphoneos;
				VALIDATE_PRODUCT = YES;
			};
			name = Release;
		};
		459A680B1C3BE0F700042F36 /* Debug */ = {
			isa = XCBuildConfiguration;
			buildSettings = {
				ASSETCATALOG_COMPILER_APPICON_NAME = AppIcon;
				ASSETCATALOG_COMPILER_LAUNCHIMAGE_NAME = "Brand Assets";
				INFOPLIST_FILE = GameProject/Info.plist;
				LD_RUNPATH_SEARCH_PATHS = "$(inherited) @executable_path/Frameworks";
				PRODUCT_BUNDLE_IDENTIFIER = "-206.GameProject";
				PRODUCT_NAME = "$(TARGET_NAME)";
			};
			name = Debug;
		};
		459A680C1C3BE0F700042F36 /* Release */ = {
			isa = XCBuildConfiguration;
			buildSettings = {
				ASSETCATALOG_COMPILER_APPICON_NAME = AppIcon;
				ASSETCATALOG_COMPILER_LAUNCHIMAGE_NAME = "Brand Assets";
				INFOPLIST_FILE = GameProject/Info.plist;
				LD_RUNPATH_SEARCH_PATHS = "$(inherited) @executable_path/Frameworks";
				PRODUCT_BUNDLE_IDENTIFIER = "-206.GameProject";
				PRODUCT_NAME = "$(TARGET_NAME)";
			};
			name = Release;
		};
		459A680E1C3BE0F700042F36 /* Debug */ = {
			isa = XCBuildConfiguration;
			buildSettings = {
				BUNDLE_LOADER = "$(TEST_HOST)";
				INFOPLIST_FILE = GameProjectTests/Info.plist;
				LD_RUNPATH_SEARCH_PATHS = "$(inherited) @executable_path/Frameworks @loader_path/Frameworks";
				PRODUCT_BUNDLE_IDENTIFIER = "-206.GameProjectTests";
				PRODUCT_NAME = "$(TARGET_NAME)";
				TEST_HOST = "$(BUILT_PRODUCTS_DIR)/GameProject.app/GameProject";
			};
			name = Debug;
		};
		459A680F1C3BE0F700042F36 /* Release */ = {
			isa = XCBuildConfiguration;
			buildSettings = {
				BUNDLE_LOADER = "$(TEST_HOST)";
				INFOPLIST_FILE = GameProjectTests/Info.plist;
				LD_RUNPATH_SEARCH_PATHS = "$(inherited) @executable_path/Frameworks @loader_path/Frameworks";
				PRODUCT_BUNDLE_IDENTIFIER = "-206.GameProjectTests";
				PRODUCT_NAME = "$(TARGET_NAME)";
				TEST_HOST = "$(BUILT_PRODUCTS_DIR)/GameProject.app/GameProject";
			};
			name = Release;
		};
		459A68111C3BE0F700042F36 /* Debug */ = {
			isa = XCBuildConfiguration;
			buildSettings = {
				INFOPLIST_FILE = GameProjectUITests/Info.plist;
				LD_RUNPATH_SEARCH_PATHS = "$(inherited) @executable_path/Frameworks @loader_path/Frameworks";
				PRODUCT_BUNDLE_IDENTIFIER = "-206.GameProjectUITests";
				PRODUCT_NAME = "$(TARGET_NAME)";
				TEST_TARGET_NAME = GameProject;
				USES_XCTRUNNER = YES;
			};
			name = Debug;
		};
		459A68121C3BE0F700042F36 /* Release */ = {
			isa = XCBuildConfiguration;
			buildSettings = {
				INFOPLIST_FILE = GameProjectUITests/Info.plist;
				LD_RUNPATH_SEARCH_PATHS = "$(inherited) @executable_path/Frameworks @loader_path/Frameworks";
				PRODUCT_BUNDLE_IDENTIFIER = "-206.GameProjectUITests";
				PRODUCT_NAME = "$(TARGET_NAME)";
				TEST_TARGET_NAME = GameProject;
				USES_XCTRUNNER = YES;
			};
			name = Release;
		};
/* End XCBuildConfiguration section */

/* Begin XCConfigurationList section */
		459A67D51C3BE0F700042F36 /* Build configuration list for PBXProject "GameProject" */ = {
			isa = XCConfigurationList;
			buildConfigurations = (
				459A68081C3BE0F700042F36 /* Debug */,
				459A68091C3BE0F700042F36 /* Release */,
			);
			defaultConfigurationIsVisible = 0;
			defaultConfigurationName = Release;
		};
		459A680A1C3BE0F700042F36 /* Build configuration list for PBXNativeTarget "GameProject" */ = {
			isa = XCConfigurationList;
			buildConfigurations = (
				459A680B1C3BE0F700042F36 /* Debug */,
				459A680C1C3BE0F700042F36 /* Release */,
			);
			defaultConfigurationIsVisible = 0;
			defaultConfigurationName = Release;
		};
		459A680D1C3BE0F700042F36 /* Build configuration list for PBXNativeTarget "GameProjectTests" */ = {
			isa = XCConfigurationList;
			buildConfigurations = (
				459A680E1C3BE0F700042F36 /* Debug */,
				459A680F1C3BE0F700042F36 /* Release */,
			);
			defaultConfigurationIsVisible = 0;
			defaultConfigurationName = Release;
		};
		459A68101C3BE0F700042F36 /* Build configuration list for PBXNativeTarget "GameProjectUITests" */ = {
			isa = XCConfigurationList;
			buildConfigurations = (
				459A68111C3BE0F700042F36 /* Debug */,
				459A68121C3BE0F700042F36 /* Release */,
			);
			defaultConfigurationIsVisible = 0;
			defaultConfigurationName = Release;
		};
/* End XCConfigurationList section */

/* Begin XCVersionGroup section */
		459A67E91C3BE0F700042F36 /* GameProject.xcdatamodeld */ = {
			isa = XCVersionGroup;
			children = (
				459A67EA1C3BE0F700042F36 /* GameProject.xcdatamodel */,
			);
			currentVersion = 459A67EA1C3BE0F700042F36 /* GameProject.xcdatamodel */;
			path = GameProject.xcdatamodeld;
			sourceTree = "<group>";
			versionGroupType = wrapper.xcdatamodel;
		};
/* End XCVersionGroup section */
	};
	rootObject = 459A67D21C3BE0F700042F36 /* Project object */;
}
